// !$*UTF8*$!
{
	archiveVersion = 1;
	classes = {
	};
	objectVersion = 56;
	objects = {

/* Begin PBXBuildFile section */
		65D3DBAF2B1B1AFA00BCCD38 /* Defaults in Frameworks */ = {isa = PBXBuildFile; productRef = 65D3DBAE2B1B1AFA00BCCD38 /* Defaults */; };
		65D3DBB22B1B1C0300BCCD38 /* AppDelegate.swift in Sources */ = {isa = PBXBuildFile; fileRef = 65D3DBB12B1B1C0300BCCD38 /* AppDelegate.swift */; };
		65D3DBB62B1B1F2200BCCD38 /* LoadingAnimation.swift in Sources */ = {isa = PBXBuildFile; fileRef = 65D3DBB52B1B1F2200BCCD38 /* LoadingAnimation.swift */; };
		65D3DBB92B1B20ED00BCCD38 /* SettingsView.swift in Sources */ = {isa = PBXBuildFile; fileRef = 65D3DBB82B1B20ED00BCCD38 /* SettingsView.swift */; };
		65D3DBBC2B1B212800BCCD38 /* Defaults.swift in Sources */ = {isa = PBXBuildFile; fileRef = 65D3DBBB2B1B212800BCCD38 /* Defaults.swift */; };
		65D3DBBE2B1B228300BCCD38 /* AccentColorModifier.swift in Sources */ = {isa = PBXBuildFile; fileRef = 65D3DBBD2B1B228300BCCD38 /* AccentColorModifier.swift */; };
		65D3DBC02B1B252300BCCD38 /* ChangeAppIconView.swift in Sources */ = {isa = PBXBuildFile; fileRef = 65D3DBBF2B1B252300BCCD38 /* ChangeAppIconView.swift */; };
		65D3DBC82B1B296E00BCCD38 /* AppIconManager.swift in Sources */ = {isa = PBXBuildFile; fileRef = 65D3DBC72B1B296E00BCCD38 /* AppIconManager.swift */; };
		65D3DBCB2B1B3DAC00BCCD38 /* PrivacyURL.swift in Sources */ = {isa = PBXBuildFile; fileRef = 65D3DBCA2B1B3DAC00BCCD38 /* PrivacyURL.swift */; };
		65D3DBCD2B1B4DCF00BCCD38 /* MediaURL.swift in Sources */ = {isa = PBXBuildFile; fileRef = 65D3DBCC2B1B4DCF00BCCD38 /* MediaURL.swift */; };
		65D3DBCF2B1B52EF00BCCD38 /* RemoveTrackingParams.swift in Sources */ = {isa = PBXBuildFile; fileRef = 65D3DBCE2B1B52EF00BCCD38 /* RemoveTrackingParams.swift */; };
		65D3DBD72B1B555200BCCD38 /* OpenArtemisTests.swift in Sources */ = {isa = PBXBuildFile; fileRef = 65D3DBD62B1B555200BCCD38 /* OpenArtemisTests.swift */; };
		65D3DBDE2B1B569000BCCD38 /* PrivacyTests.swift in Sources */ = {isa = PBXBuildFile; fileRef = 65D3DBDD2B1B569000BCCD38 /* PrivacyTests.swift */; };
		BB071EDC2B1D326300C198BC /* Comment Utils.swift in Sources */ = {isa = PBXBuildFile; fileRef = BB071EDB2B1D326300C198BC /* Comment Utils.swift */; };
		BB17BA452B1D3FDB008FAB83 /* CommentView.swift in Sources */ = {isa = PBXBuildFile; fileRef = BB17BA442B1D3FDB008FAB83 /* CommentView.swift */; };
		BB391F9F2B1ADCDB0014FB18 /* SubredditFeedView.swift in Sources */ = {isa = PBXBuildFile; fileRef = BB391F9E2B1ADCDB0014FB18 /* SubredditFeedView.swift */; };
		BB391FA32B1ADD140014FB18 /* DividerView.swift in Sources */ = {isa = PBXBuildFile; fileRef = BB391FA12B1ADD140014FB18 /* DividerView.swift */; };
		BB391FA42B1ADD140014FB18 /* SearchView.swift in Sources */ = {isa = PBXBuildFile; fileRef = BB391FA22B1ADD140014FB18 /* SearchView.swift */; };
		BB391FA62B1ADD540014FB18 /* DetailTagView.swift in Sources */ = {isa = PBXBuildFile; fileRef = BB391FA52B1ADD540014FB18 /* DetailTagView.swift */; };
		BB391FAB2B1ADD9B0014FB18 /* EmbeddedMultiMediaView.swift in Sources */ = {isa = PBXBuildFile; fileRef = BB391FAA2B1ADD9B0014FB18 /* EmbeddedMultiMediaView.swift */; };
		BB391FAD2B1ADDA00014FB18 /* MediaView.swift in Sources */ = {isa = PBXBuildFile; fileRef = BB391FAC2B1ADDA00014FB18 /* MediaView.swift */; };
		BB391FB12B1ADDB00014FB18 /* SKPhotoBrowserController.swift in Sources */ = {isa = PBXBuildFile; fileRef = BB391FAF2B1ADDB00014FB18 /* SKPhotoBrowserController.swift */; };
		BB391FB22B1ADDB00014FB18 /* VideoPlayerViewController.swift in Sources */ = {isa = PBXBuildFile; fileRef = BB391FB02B1ADDB00014FB18 /* VideoPlayerViewController.swift */; };
		BB391FB42B1ADDE70014FB18 /* PostFeedView.swift in Sources */ = {isa = PBXBuildFile; fileRef = BB391FB32B1ADDE70014FB18 /* PostFeedView.swift */; };
		BB391FB72B1ADE130014FB18 /* RedditScraper.swift in Sources */ = {isa = PBXBuildFile; fileRef = BB391FB62B1ADE130014FB18 /* RedditScraper.swift */; };
		BB391FBA2B1ADE470014FB18 /* App Consts.swift in Sources */ = {isa = PBXBuildFile; fileRef = BB391FB92B1ADE470014FB18 /* App Consts.swift */; };
		BB391FBC2B1ADE4E0014FB18 /* PresentSafari.swift in Sources */ = {isa = PBXBuildFile; fileRef = BB391FBB2B1ADE4E0014FB18 /* PresentSafari.swift */; };
		BB391FC22B1ADE700014FB18 /* Loading Modifiers.swift in Sources */ = {isa = PBXBuildFile; fileRef = BB391FC02B1ADE700014FB18 /* Loading Modifiers.swift */; };
		BB391FC32B1ADE700014FB18 /* SizeModifier.swift in Sources */ = {isa = PBXBuildFile; fileRef = BB391FC12B1ADE700014FB18 /* SizeModifier.swift */; };
		BB391FC72B1ADE790014FB18 /* NavInjector.swift in Sources */ = {isa = PBXBuildFile; fileRef = BB391FC42B1ADE790014FB18 /* NavInjector.swift */; };
		BB391FC82B1ADE790014FB18 /* NavPayloads.swift in Sources */ = {isa = PBXBuildFile; fileRef = BB391FC52B1ADE790014FB18 /* NavPayloads.swift */; };
		BB391FC92B1ADE790014FB18 /* NavCoordinator.swift in Sources */ = {isa = PBXBuildFile; fileRef = BB391FC62B1ADE790014FB18 /* NavCoordinator.swift */; };
		BB391FCC2B1ADE850014FB18 /* Post Utils.swift in Sources */ = {isa = PBXBuildFile; fileRef = BB391FCA2B1ADE850014FB18 /* Post Utils.swift */; };
		BB391FCD2B1ADE850014FB18 /* Media Utils.swift in Sources */ = {isa = PBXBuildFile; fileRef = BB391FCB2B1ADE850014FB18 /* Media Utils.swift */; };
		BBB2C0C62B1AD88F003C8ACC /* Assets.xcassets in Resources */ = {isa = PBXBuildFile; fileRef = BBB2C0C52B1AD88F003C8ACC /* Assets.xcassets */; };
		BBB2C0C92B1AD88F003C8ACC /* Preview Assets.xcassets in Resources */ = {isa = PBXBuildFile; fileRef = BBB2C0C82B1AD88F003C8ACC /* Preview Assets.xcassets */; };
		BBB2C0DF2B1AD939003C8ACC /* CachedImage in Frameworks */ = {isa = PBXBuildFile; productRef = BBB2C0DE2B1AD939003C8ACC /* CachedImage */; };
		BBB2C0E42B1AD99C003C8ACC /* SKPhotoBrowser in Frameworks */ = {isa = PBXBuildFile; productRef = BBB2C0E32B1AD99C003C8ACC /* SKPhotoBrowser */; };
		BBB2C0E72B1AD9A7003C8ACC /* SwiftSoup in Frameworks */ = {isa = PBXBuildFile; productRef = BBB2C0E62B1AD9A7003C8ACC /* SwiftSoup */; };
		BBB2C0E92B1ADAB1003C8ACC /* OpenArtemisApp.swift in Sources */ = {isa = PBXBuildFile; fileRef = BBB2C0E82B1ADAB1003C8ACC /* OpenArtemisApp.swift */; };
		BBB936202B1D91BA00AC4202 /* TimeFormatter.swift in Sources */ = {isa = PBXBuildFile; fileRef = BBB9361F2B1D91BA00AC4202 /* TimeFormatter.swift */; };
		BBE434602B1BD02F00886CAB /* SubredditDrawerView.swift in Sources */ = {isa = PBXBuildFile; fileRef = BBE4345F2B1BD02F00886CAB /* SubredditDrawerView.swift */; };
		BBE434632B1BD32B00886CAB /* SectionIndexTitlesView.swift in Sources */ = {isa = PBXBuildFile; fileRef = BBE434622B1BD32B00886CAB /* SectionIndexTitlesView.swift */; };
		BBE434722B1BD6A400886CAB /* String Hex.swift in Sources */ = {isa = PBXBuildFile; fileRef = BBE434712B1BD6A400886CAB /* String Hex.swift */; };
		BBE434752B1BE32300886CAB /* LocalData.xcdatamodeld in Sources */ = {isa = PBXBuildFile; fileRef = BBE434732B1BE32300886CAB /* LocalData.xcdatamodeld */; };
		BBE434772B1BE35F00886CAB /* PersistenceController.swift in Sources */ = {isa = PBXBuildFile; fileRef = BBE434762B1BE35F00886CAB /* PersistenceController.swift */; };
		BBE4347B2B1BF28E00886CAB /* Disabled Modifier.swift in Sources */ = {isa = PBXBuildFile; fileRef = BBE4347A2B1BF28E00886CAB /* Disabled Modifier.swift */; };
		BBE434842B1C0D1900886CAB /* SubredditRowView.swift in Sources */ = {isa = PBXBuildFile; fileRef = BBE434832B1C0D1900886CAB /* SubredditRowView.swift */; };
		BBE434862B1C0E5200886CAB /* DefaultSubredditRowView.swift in Sources */ = {isa = PBXBuildFile; fileRef = BBE434852B1C0E5200886CAB /* DefaultSubredditRowView.swift */; };
		BBE4348A2B1C58CE00886CAB /* PostPageView.swift in Sources */ = {isa = PBXBuildFile; fileRef = BBE434892B1C58CE00886CAB /* PostPageView.swift */; };
/* End PBXBuildFile section */

/* Begin PBXContainerItemProxy section */
		65D3DBD82B1B555200BCCD38 /* PBXContainerItemProxy */ = {
			isa = PBXContainerItemProxy;
			containerPortal = BBB2C0B62B1AD88D003C8ACC /* Project object */;
			proxyType = 1;
			remoteGlobalIDString = BBB2C0BD2B1AD88E003C8ACC;
			remoteInfo = OpenArtemis;
		};
/* End PBXContainerItemProxy section */

/* Begin PBXFileReference section */
		6573F9342B1B710A00859D2C /* Info.plist */ = {isa = PBXFileReference; lastKnownFileType = text.plist; path = Info.plist; sourceTree = "<group>"; };
		65D3DBB12B1B1C0300BCCD38 /* AppDelegate.swift */ = {isa = PBXFileReference; lastKnownFileType = sourcecode.swift; path = AppDelegate.swift; sourceTree = "<group>"; };
		65D3DBB52B1B1F2200BCCD38 /* LoadingAnimation.swift */ = {isa = PBXFileReference; lastKnownFileType = sourcecode.swift; path = LoadingAnimation.swift; sourceTree = "<group>"; };
		65D3DBB82B1B20ED00BCCD38 /* SettingsView.swift */ = {isa = PBXFileReference; lastKnownFileType = sourcecode.swift; path = SettingsView.swift; sourceTree = "<group>"; };
		65D3DBBB2B1B212800BCCD38 /* Defaults.swift */ = {isa = PBXFileReference; lastKnownFileType = sourcecode.swift; path = Defaults.swift; sourceTree = "<group>"; };
		65D3DBBD2B1B228300BCCD38 /* AccentColorModifier.swift */ = {isa = PBXFileReference; lastKnownFileType = sourcecode.swift; path = AccentColorModifier.swift; sourceTree = "<group>"; };
		65D3DBBF2B1B252300BCCD38 /* ChangeAppIconView.swift */ = {isa = PBXFileReference; lastKnownFileType = sourcecode.swift; path = ChangeAppIconView.swift; sourceTree = "<group>"; };
		65D3DBC72B1B296E00BCCD38 /* AppIconManager.swift */ = {isa = PBXFileReference; lastKnownFileType = sourcecode.swift; path = AppIconManager.swift; sourceTree = "<group>"; };
		65D3DBCA2B1B3DAC00BCCD38 /* PrivacyURL.swift */ = {isa = PBXFileReference; lastKnownFileType = sourcecode.swift; path = PrivacyURL.swift; sourceTree = "<group>"; };
		65D3DBCC2B1B4DCF00BCCD38 /* MediaURL.swift */ = {isa = PBXFileReference; lastKnownFileType = sourcecode.swift; path = MediaURL.swift; sourceTree = "<group>"; };
		65D3DBCE2B1B52EF00BCCD38 /* RemoveTrackingParams.swift */ = {isa = PBXFileReference; lastKnownFileType = sourcecode.swift; path = RemoveTrackingParams.swift; sourceTree = "<group>"; };
		65D3DBD42B1B555200BCCD38 /* OpenArtemisTests.xctest */ = {isa = PBXFileReference; explicitFileType = wrapper.cfbundle; includeInIndex = 0; path = OpenArtemisTests.xctest; sourceTree = BUILT_PRODUCTS_DIR; };
		65D3DBD62B1B555200BCCD38 /* OpenArtemisTests.swift */ = {isa = PBXFileReference; lastKnownFileType = sourcecode.swift; path = OpenArtemisTests.swift; sourceTree = "<group>"; };
		65D3DBDD2B1B569000BCCD38 /* PrivacyTests.swift */ = {isa = PBXFileReference; lastKnownFileType = sourcecode.swift; path = PrivacyTests.swift; sourceTree = "<group>"; };
		BB071EDB2B1D326300C198BC /* Comment Utils.swift */ = {isa = PBXFileReference; lastKnownFileType = sourcecode.swift; path = "Comment Utils.swift"; sourceTree = "<group>"; };
		BB17BA442B1D3FDB008FAB83 /* CommentView.swift */ = {isa = PBXFileReference; lastKnownFileType = sourcecode.swift; path = CommentView.swift; sourceTree = "<group>"; };
		BB391F9E2B1ADCDB0014FB18 /* SubredditFeedView.swift */ = {isa = PBXFileReference; lastKnownFileType = sourcecode.swift; path = SubredditFeedView.swift; sourceTree = "<group>"; };
		BB391FA12B1ADD140014FB18 /* DividerView.swift */ = {isa = PBXFileReference; fileEncoding = 4; lastKnownFileType = sourcecode.swift; path = DividerView.swift; sourceTree = "<group>"; };
		BB391FA22B1ADD140014FB18 /* SearchView.swift */ = {isa = PBXFileReference; fileEncoding = 4; lastKnownFileType = sourcecode.swift; path = SearchView.swift; sourceTree = "<group>"; };
		BB391FA52B1ADD540014FB18 /* DetailTagView.swift */ = {isa = PBXFileReference; fileEncoding = 4; lastKnownFileType = sourcecode.swift; path = DetailTagView.swift; sourceTree = "<group>"; };
		BB391FAA2B1ADD9B0014FB18 /* EmbeddedMultiMediaView.swift */ = {isa = PBXFileReference; fileEncoding = 4; lastKnownFileType = sourcecode.swift; path = EmbeddedMultiMediaView.swift; sourceTree = "<group>"; };
		BB391FAC2B1ADDA00014FB18 /* MediaView.swift */ = {isa = PBXFileReference; fileEncoding = 4; lastKnownFileType = sourcecode.swift; path = MediaView.swift; sourceTree = "<group>"; };
		BB391FAF2B1ADDB00014FB18 /* SKPhotoBrowserController.swift */ = {isa = PBXFileReference; fileEncoding = 4; lastKnownFileType = sourcecode.swift; path = SKPhotoBrowserController.swift; sourceTree = "<group>"; };
		BB391FB02B1ADDB00014FB18 /* VideoPlayerViewController.swift */ = {isa = PBXFileReference; fileEncoding = 4; lastKnownFileType = sourcecode.swift; path = VideoPlayerViewController.swift; sourceTree = "<group>"; };
		BB391FB32B1ADDE70014FB18 /* PostFeedView.swift */ = {isa = PBXFileReference; fileEncoding = 4; lastKnownFileType = sourcecode.swift; path = PostFeedView.swift; sourceTree = "<group>"; };
		BB391FB62B1ADE130014FB18 /* RedditScraper.swift */ = {isa = PBXFileReference; fileEncoding = 4; lastKnownFileType = sourcecode.swift; path = RedditScraper.swift; sourceTree = "<group>"; };
		BB391FB92B1ADE470014FB18 /* App Consts.swift */ = {isa = PBXFileReference; fileEncoding = 4; lastKnownFileType = sourcecode.swift; path = "App Consts.swift"; sourceTree = "<group>"; };
		BB391FBB2B1ADE4E0014FB18 /* PresentSafari.swift */ = {isa = PBXFileReference; fileEncoding = 4; lastKnownFileType = sourcecode.swift; path = PresentSafari.swift; sourceTree = "<group>"; };
		BB391FC02B1ADE700014FB18 /* Loading Modifiers.swift */ = {isa = PBXFileReference; fileEncoding = 4; lastKnownFileType = sourcecode.swift; path = "Loading Modifiers.swift"; sourceTree = "<group>"; };
		BB391FC12B1ADE700014FB18 /* SizeModifier.swift */ = {isa = PBXFileReference; fileEncoding = 4; lastKnownFileType = sourcecode.swift; path = SizeModifier.swift; sourceTree = "<group>"; };
		BB391FC42B1ADE790014FB18 /* NavInjector.swift */ = {isa = PBXFileReference; fileEncoding = 4; lastKnownFileType = sourcecode.swift; path = NavInjector.swift; sourceTree = "<group>"; };
		BB391FC52B1ADE790014FB18 /* NavPayloads.swift */ = {isa = PBXFileReference; fileEncoding = 4; lastKnownFileType = sourcecode.swift; path = NavPayloads.swift; sourceTree = "<group>"; };
		BB391FC62B1ADE790014FB18 /* NavCoordinator.swift */ = {isa = PBXFileReference; fileEncoding = 4; lastKnownFileType = sourcecode.swift; path = NavCoordinator.swift; sourceTree = "<group>"; };
		BB391FCA2B1ADE850014FB18 /* Post Utils.swift */ = {isa = PBXFileReference; fileEncoding = 4; lastKnownFileType = sourcecode.swift; path = "Post Utils.swift"; sourceTree = "<group>"; };
		BB391FCB2B1ADE850014FB18 /* Media Utils.swift */ = {isa = PBXFileReference; fileEncoding = 4; lastKnownFileType = sourcecode.swift; path = "Media Utils.swift"; sourceTree = "<group>"; };
		BBB2C0BE2B1AD88E003C8ACC /* OpenArtemis.app */ = {isa = PBXFileReference; explicitFileType = wrapper.application; includeInIndex = 0; path = OpenArtemis.app; sourceTree = BUILT_PRODUCTS_DIR; };
		BBB2C0C52B1AD88F003C8ACC /* Assets.xcassets */ = {isa = PBXFileReference; lastKnownFileType = folder.assetcatalog; path = Assets.xcassets; sourceTree = "<group>"; };
		BBB2C0C82B1AD88F003C8ACC /* Preview Assets.xcassets */ = {isa = PBXFileReference; lastKnownFileType = folder.assetcatalog; path = "Preview Assets.xcassets"; sourceTree = "<group>"; };
		BBB2C0E82B1ADAB1003C8ACC /* OpenArtemisApp.swift */ = {isa = PBXFileReference; lastKnownFileType = sourcecode.swift; path = OpenArtemisApp.swift; sourceTree = "<group>"; };
		BBB9361F2B1D91BA00AC4202 /* TimeFormatter.swift */ = {isa = PBXFileReference; lastKnownFileType = sourcecode.swift; path = TimeFormatter.swift; sourceTree = "<group>"; };
		BBE4345F2B1BD02F00886CAB /* SubredditDrawerView.swift */ = {isa = PBXFileReference; lastKnownFileType = sourcecode.swift; path = SubredditDrawerView.swift; sourceTree = "<group>"; };
		BBE434622B1BD32B00886CAB /* SectionIndexTitlesView.swift */ = {isa = PBXFileReference; lastKnownFileType = sourcecode.swift; path = SectionIndexTitlesView.swift; sourceTree = "<group>"; };
		BBE434712B1BD6A400886CAB /* String Hex.swift */ = {isa = PBXFileReference; fileEncoding = 4; lastKnownFileType = sourcecode.swift; path = "String Hex.swift"; sourceTree = "<group>"; };
		BBE434742B1BE32300886CAB /* LocalData.xcdatamodel */ = {isa = PBXFileReference; lastKnownFileType = wrapper.xcdatamodel; path = LocalData.xcdatamodel; sourceTree = "<group>"; };
		BBE434762B1BE35F00886CAB /* PersistenceController.swift */ = {isa = PBXFileReference; lastKnownFileType = sourcecode.swift; path = PersistenceController.swift; sourceTree = "<group>"; };
		BBE4347A2B1BF28E00886CAB /* Disabled Modifier.swift */ = {isa = PBXFileReference; lastKnownFileType = sourcecode.swift; path = "Disabled Modifier.swift"; sourceTree = "<group>"; };
		BBE434832B1C0D1900886CAB /* SubredditRowView.swift */ = {isa = PBXFileReference; lastKnownFileType = sourcecode.swift; path = SubredditRowView.swift; sourceTree = "<group>"; };
		BBE434852B1C0E5200886CAB /* DefaultSubredditRowView.swift */ = {isa = PBXFileReference; lastKnownFileType = sourcecode.swift; path = DefaultSubredditRowView.swift; sourceTree = "<group>"; };
		BBE434892B1C58CE00886CAB /* PostPageView.swift */ = {isa = PBXFileReference; lastKnownFileType = sourcecode.swift; path = PostPageView.swift; sourceTree = "<group>"; };
/* End PBXFileReference section */

/* Begin PBXFrameworksBuildPhase section */
		65D3DBD12B1B555200BCCD38 /* Frameworks */ = {
			isa = PBXFrameworksBuildPhase;
			buildActionMask = 2147483647;
			files = (
			);
			runOnlyForDeploymentPostprocessing = 0;
		};
		BBB2C0BB2B1AD88E003C8ACC /* Frameworks */ = {
			isa = PBXFrameworksBuildPhase;
			buildActionMask = 2147483647;
			files = (
				65D3DBAF2B1B1AFA00BCCD38 /* Defaults in Frameworks */,
				BBB2C0E42B1AD99C003C8ACC /* SKPhotoBrowser in Frameworks */,
				BBB2C0DF2B1AD939003C8ACC /* CachedImage in Frameworks */,
				BBB2C0E72B1AD9A7003C8ACC /* SwiftSoup in Frameworks */,
			);
			runOnlyForDeploymentPostprocessing = 0;
		};
/* End PBXFrameworksBuildPhase section */

/* Begin PBXGroup section */
		65D3DBB42B1B1F1400BCCD38 /* Components */ = {
			isa = PBXGroup;
			children = (
				BBE434712B1BD6A400886CAB /* String Hex.swift */,
				65D3DBB52B1B1F2200BCCD38 /* LoadingAnimation.swift */,
			);
			path = Components;
			sourceTree = "<group>";
		};
		65D3DBB72B1B20E100BCCD38 /* Settings */ = {
			isa = PBXGroup;
			children = (
				65D3DBB82B1B20ED00BCCD38 /* SettingsView.swift */,
				65D3DBBF2B1B252300BCCD38 /* ChangeAppIconView.swift */,
			);
			path = Settings;
			sourceTree = "<group>";
		};
		65D3DBC92B1B3DA000BCCD38 /* Privacy */ = {
			isa = PBXGroup;
			children = (
				65D3DBCA2B1B3DAC00BCCD38 /* PrivacyURL.swift */,
				65D3DBCE2B1B52EF00BCCD38 /* RemoveTrackingParams.swift */,
			);
			path = Privacy;
			sourceTree = "<group>";
		};
		65D3DBD52B1B555200BCCD38 /* OpenArtemisTests */ = {
			isa = PBXGroup;
			children = (
				65D3DBD62B1B555200BCCD38 /* OpenArtemisTests.swift */,
				65D3DBDD2B1B569000BCCD38 /* PrivacyTests.swift */,
			);
			path = OpenArtemisTests;
			sourceTree = "<group>";
		};
		BB17BA432B1D3FC6008FAB83 /* Comments */ = {
			isa = PBXGroup;
			children = (
				BB17BA442B1D3FDB008FAB83 /* CommentView.swift */,
			);
			path = Comments;
			sourceTree = "<group>";
		};
		BB391F9C2B1ADCC00014FB18 /* Views */ = {
			isa = PBXGroup;
			children = (
				BBE434822B1C0D0000886CAB /* Favorites Drawer */,
				65D3DBB72B1B20E100BCCD38 /* Settings */,
				BB391FA02B1ADD030014FB18 /* Subreddits */,
				BB391F9D2B1ADCCC0014FB18 /* Posts */,
			);
			path = Views;
			sourceTree = "<group>";
		};
		BB391F9D2B1ADCCC0014FB18 /* Posts */ = {
			isa = PBXGroup;
			children = (
				BB17BA432B1D3FC6008FAB83 /* Comments */,
				BBE434892B1C58CE00886CAB /* PostPageView.swift */,
				BB391FB32B1ADDE70014FB18 /* PostFeedView.swift */,
				BB391FA92B1ADD700014FB18 /* Media */,
				BB391FA52B1ADD540014FB18 /* DetailTagView.swift */,
			);
			path = Posts;
			sourceTree = "<group>";
		};
		BB391FA02B1ADD030014FB18 /* Subreddits */ = {
			isa = PBXGroup;
			children = (
				BB391F9E2B1ADCDB0014FB18 /* SubredditFeedView.swift */,
				BB391FA12B1ADD140014FB18 /* DividerView.swift */,
				BB391FA22B1ADD140014FB18 /* SearchView.swift */,
			);
			path = Subreddits;
			sourceTree = "<group>";
		};
		BB391FA92B1ADD700014FB18 /* Media */ = {
			isa = PBXGroup;
			children = (
				BB391FAE2B1ADDAA0014FB18 /* Media View Controllers */,
				BB391FAC2B1ADDA00014FB18 /* MediaView.swift */,
				BB391FAA2B1ADD9B0014FB18 /* EmbeddedMultiMediaView.swift */,
			);
			path = Media;
			sourceTree = "<group>";
		};
		BB391FAE2B1ADDAA0014FB18 /* Media View Controllers */ = {
			isa = PBXGroup;
			children = (
				BB391FAF2B1ADDB00014FB18 /* SKPhotoBrowserController.swift */,
				BB391FB02B1ADDB00014FB18 /* VideoPlayerViewController.swift */,
			);
			path = "Media View Controllers";
			sourceTree = "<group>";
		};
		BB391FB52B1ADE0B0014FB18 /* Scrape */ = {
			isa = PBXGroup;
			children = (
				BB391FB62B1ADE130014FB18 /* RedditScraper.swift */,
			);
			path = Scrape;
			sourceTree = "<group>";
		};
		BB391FB82B1ADE3D0014FB18 /* Utilities */ = {
			isa = PBXGroup;
			children = (
				BBE434672B1BD4D900886CAB /* App Storage */,
				65D3DBC92B1B3DA000BCCD38 /* Privacy */,
				BB391FBF2B1ADE670014FB18 /* Post Utils */,
				BB391FBE2B1ADE600014FB18 /* Navigation */,
				BB391FBD2B1ADE560014FB18 /* Modifiers */,
				BB391FB92B1ADE470014FB18 /* App Consts.swift */,
				BB391FBB2B1ADE4E0014FB18 /* PresentSafari.swift */,
				65D3DBC72B1B296E00BCCD38 /* AppIconManager.swift */,
			);
			path = Utilities;
			sourceTree = "<group>";
		};
		BB391FBD2B1ADE560014FB18 /* Modifiers */ = {
			isa = PBXGroup;
			children = (
				65D3DBBB2B1B212800BCCD38 /* Defaults.swift */,
				BB391FC02B1ADE700014FB18 /* Loading Modifiers.swift */,
				BB391FC12B1ADE700014FB18 /* SizeModifier.swift */,
				65D3DBBD2B1B228300BCCD38 /* AccentColorModifier.swift */,
				65D3DBCC2B1B4DCF00BCCD38 /* MediaURL.swift */,
				BBE4347A2B1BF28E00886CAB /* Disabled Modifier.swift */,
			);
			path = Modifiers;
			sourceTree = "<group>";
		};
		BB391FBE2B1ADE600014FB18 /* Navigation */ = {
			isa = PBXGroup;
			children = (
				BB391FC62B1ADE790014FB18 /* NavCoordinator.swift */,
				BB391FC42B1ADE790014FB18 /* NavInjector.swift */,
				BB391FC52B1ADE790014FB18 /* NavPayloads.swift */,
			);
			path = Navigation;
			sourceTree = "<group>";
		};
		BB391FBF2B1ADE670014FB18 /* Post Utils */ = {
			isa = PBXGroup;
			children = (
				BB391FCB2B1ADE850014FB18 /* Media Utils.swift */,
				BB391FCA2B1ADE850014FB18 /* Post Utils.swift */,
				BB071EDB2B1D326300C198BC /* Comment Utils.swift */,
				BBB9361F2B1D91BA00AC4202 /* TimeFormatter.swift */,
			);
			path = "Post Utils";
			sourceTree = "<group>";
		};
		BBB2C0B52B1AD88D003C8ACC = {
			isa = PBXGroup;
			children = (
				BBB2C0C02B1AD88E003C8ACC /* OpenArtemis */,
				65D3DBD52B1B555200BCCD38 /* OpenArtemisTests */,
				BBB2C0BF2B1AD88E003C8ACC /* Products */,
			);
			sourceTree = "<group>";
		};
		BBB2C0BF2B1AD88E003C8ACC /* Products */ = {
			isa = PBXGroup;
			children = (
				BBB2C0BE2B1AD88E003C8ACC /* OpenArtemis.app */,
				65D3DBD42B1B555200BCCD38 /* OpenArtemisTests.xctest */,
			);
			name = Products;
			sourceTree = "<group>";
		};
		BBB2C0C02B1AD88E003C8ACC /* OpenArtemis */ = {
			isa = PBXGroup;
			children = (
				6573F9342B1B710A00859D2C /* Info.plist */,
				65D3DBB42B1B1F1400BCCD38 /* Components */,
				BB391FB82B1ADE3D0014FB18 /* Utilities */,
				BB391FB52B1ADE0B0014FB18 /* Scrape */,
				BB391F9C2B1ADCC00014FB18 /* Views */,
				BBB2C0E82B1ADAB1003C8ACC /* OpenArtemisApp.swift */,
				65D3DBB12B1B1C0300BCCD38 /* AppDelegate.swift */,
				BBB2C0C52B1AD88F003C8ACC /* Assets.xcassets */,
				BBB2C0C72B1AD88F003C8ACC /* Preview Content */,
			);
			path = OpenArtemis;
			sourceTree = "<group>";
		};
		BBB2C0C72B1AD88F003C8ACC /* Preview Content */ = {
			isa = PBXGroup;
			children = (
				BBB2C0C82B1AD88F003C8ACC /* Preview Assets.xcassets */,
			);
			path = "Preview Content";
			sourceTree = "<group>";
		};
		BBE434672B1BD4D900886CAB /* App Storage */ = {
			isa = PBXGroup;
			children = (
				BBE434732B1BE32300886CAB /* LocalData.xcdatamodeld */,
				BBE434762B1BE35F00886CAB /* PersistenceController.swift */,
			);
			path = "App Storage";
			sourceTree = "<group>";
		};
		BBE434822B1C0D0000886CAB /* Favorites Drawer */ = {
			isa = PBXGroup;
			children = (
				BBE4345F2B1BD02F00886CAB /* SubredditDrawerView.swift */,
				BBE434622B1BD32B00886CAB /* SectionIndexTitlesView.swift */,
				BBE434832B1C0D1900886CAB /* SubredditRowView.swift */,
				BBE434852B1C0E5200886CAB /* DefaultSubredditRowView.swift */,
			);
			path = "Favorites Drawer";
			sourceTree = "<group>";
		};
/* End PBXGroup section */

/* Begin PBXNativeTarget section */
		65D3DBD32B1B555200BCCD38 /* OpenArtemisTests */ = {
			isa = PBXNativeTarget;
			buildConfigurationList = 65D3DBDA2B1B555200BCCD38 /* Build configuration list for PBXNativeTarget "OpenArtemisTests" */;
			buildPhases = (
				65D3DBD02B1B555200BCCD38 /* Sources */,
				65D3DBD12B1B555200BCCD38 /* Frameworks */,
				65D3DBD22B1B555200BCCD38 /* Resources */,
			);
			buildRules = (
			);
			dependencies = (
				65D3DBD92B1B555200BCCD38 /* PBXTargetDependency */,
			);
			name = OpenArtemisTests;
			productName = OpenArtemisTests;
			productReference = 65D3DBD42B1B555200BCCD38 /* OpenArtemisTests.xctest */;
			productType = "com.apple.product-type.bundle.unit-test";
		};
		BBB2C0BD2B1AD88E003C8ACC /* OpenArtemis */ = {
			isa = PBXNativeTarget;
			buildConfigurationList = BBB2C0CC2B1AD88F003C8ACC /* Build configuration list for PBXNativeTarget "OpenArtemis" */;
			buildPhases = (
				BBB2C0BA2B1AD88E003C8ACC /* Sources */,
				BBB2C0BB2B1AD88E003C8ACC /* Frameworks */,
				BBB2C0BC2B1AD88E003C8ACC /* Resources */,
			);
			buildRules = (
			);
			dependencies = (
			);
			name = OpenArtemis;
			packageProductDependencies = (
				BBB2C0DE2B1AD939003C8ACC /* CachedImage */,
				BBB2C0E32B1AD99C003C8ACC /* SKPhotoBrowser */,
				BBB2C0E62B1AD9A7003C8ACC /* SwiftSoup */,
				65D3DBAE2B1B1AFA00BCCD38 /* Defaults */,
			);
			productName = OpenArtemis;
			productReference = BBB2C0BE2B1AD88E003C8ACC /* OpenArtemis.app */;
			productType = "com.apple.product-type.application";
		};
/* End PBXNativeTarget section */

/* Begin PBXProject section */
		BBB2C0B62B1AD88D003C8ACC /* Project object */ = {
			isa = PBXProject;
			attributes = {
				BuildIndependentTargetsInParallel = 1;
				LastSwiftUpdateCheck = 1500;
				LastUpgradeCheck = 1500;
				TargetAttributes = {
					65D3DBD32B1B555200BCCD38 = {
						CreatedOnToolsVersion = 15.0.1;
						TestTargetID = BBB2C0BD2B1AD88E003C8ACC;
					};
					BBB2C0BD2B1AD88E003C8ACC = {
						CreatedOnToolsVersion = 15.0;
					};
				};
			};
			buildConfigurationList = BBB2C0B92B1AD88D003C8ACC /* Build configuration list for PBXProject "OpenArtemis" */;
			compatibilityVersion = "Xcode 14.0";
			developmentRegion = en;
			hasScannedForEncodings = 0;
			knownRegions = (
				en,
				Base,
			);
			mainGroup = BBB2C0B52B1AD88D003C8ACC;
			packageReferences = (
				BBB2C0DD2B1AD939003C8ACC /* XCRemoteSwiftPackageReference "CachedImage" */,
				BBB2C0E22B1AD99C003C8ACC /* XCRemoteSwiftPackageReference "SKPhotoBrowser" */,
				BBB2C0E52B1AD9A7003C8ACC /* XCRemoteSwiftPackageReference "SwiftSoup" */,
				65D3DBAD2B1B1AFA00BCCD38 /* XCRemoteSwiftPackageReference "Defaults" */,
			);
			productRefGroup = BBB2C0BF2B1AD88E003C8ACC /* Products */;
			projectDirPath = "";
			projectRoot = "";
			targets = (
				BBB2C0BD2B1AD88E003C8ACC /* OpenArtemis */,
				65D3DBD32B1B555200BCCD38 /* OpenArtemisTests */,
			);
		};
/* End PBXProject section */

/* Begin PBXResourcesBuildPhase section */
		65D3DBD22B1B555200BCCD38 /* Resources */ = {
			isa = PBXResourcesBuildPhase;
			buildActionMask = 2147483647;
			files = (
			);
			runOnlyForDeploymentPostprocessing = 0;
		};
		BBB2C0BC2B1AD88E003C8ACC /* Resources */ = {
			isa = PBXResourcesBuildPhase;
			buildActionMask = 2147483647;
			files = (
				BBB2C0C92B1AD88F003C8ACC /* Preview Assets.xcassets in Resources */,
				BBB2C0C62B1AD88F003C8ACC /* Assets.xcassets in Resources */,
			);
			runOnlyForDeploymentPostprocessing = 0;
		};
/* End PBXResourcesBuildPhase section */

/* Begin PBXSourcesBuildPhase section */
		65D3DBD02B1B555200BCCD38 /* Sources */ = {
			isa = PBXSourcesBuildPhase;
			buildActionMask = 2147483647;
			files = (
				65D3DBDE2B1B569000BCCD38 /* PrivacyTests.swift in Sources */,
				65D3DBD72B1B555200BCCD38 /* OpenArtemisTests.swift in Sources */,
			);
			runOnlyForDeploymentPostprocessing = 0;
		};
		BBB2C0BA2B1AD88E003C8ACC /* Sources */ = {
			isa = PBXSourcesBuildPhase;
			buildActionMask = 2147483647;
			files = (
				BB391FC22B1ADE700014FB18 /* Loading Modifiers.swift in Sources */,
				BBE434842B1C0D1900886CAB /* SubredditRowView.swift in Sources */,
				65D3DBB92B1B20ED00BCCD38 /* SettingsView.swift in Sources */,
				BB391FA42B1ADD140014FB18 /* SearchView.swift in Sources */,
				65D3DBCD2B1B4DCF00BCCD38 /* MediaURL.swift in Sources */,
				BB391FBA2B1ADE470014FB18 /* App Consts.swift in Sources */,
				BB391FA62B1ADD540014FB18 /* DetailTagView.swift in Sources */,
				BB391FCD2B1ADE850014FB18 /* Media Utils.swift in Sources */,
				BBB2C0E92B1ADAB1003C8ACC /* OpenArtemisApp.swift in Sources */,
				BB391FBC2B1ADE4E0014FB18 /* PresentSafari.swift in Sources */,
				BB391FC32B1ADE700014FB18 /* SizeModifier.swift in Sources */,
				65D3DBBC2B1B212800BCCD38 /* Defaults.swift in Sources */,
				BBB936202B1D91BA00AC4202 /* TimeFormatter.swift in Sources */,
				65D3DBC82B1B296E00BCCD38 /* AppIconManager.swift in Sources */,
				BB391FB42B1ADDE70014FB18 /* PostFeedView.swift in Sources */,
				BB391FA32B1ADD140014FB18 /* DividerView.swift in Sources */,
				BB391FAD2B1ADDA00014FB18 /* MediaView.swift in Sources */,
				BBE4348A2B1C58CE00886CAB /* PostPageView.swift in Sources */,
				65D3DBBE2B1B228300BCCD38 /* AccentColorModifier.swift in Sources */,
				BB391F9F2B1ADCDB0014FB18 /* SubredditFeedView.swift in Sources */,
				BBE434602B1BD02F00886CAB /* SubredditDrawerView.swift in Sources */,
				65D3DBCB2B1B3DAC00BCCD38 /* PrivacyURL.swift in Sources */,
				65D3DBC02B1B252300BCCD38 /* ChangeAppIconView.swift in Sources */,
				BB391FC72B1ADE790014FB18 /* NavInjector.swift in Sources */,
				BB391FB22B1ADDB00014FB18 /* VideoPlayerViewController.swift in Sources */,
				BB391FC92B1ADE790014FB18 /* NavCoordinator.swift in Sources */,
				BB17BA452B1D3FDB008FAB83 /* CommentView.swift in Sources */,
				BB391FAB2B1ADD9B0014FB18 /* EmbeddedMultiMediaView.swift in Sources */,
				BB391FB72B1ADE130014FB18 /* RedditScraper.swift in Sources */,
				BBE4347B2B1BF28E00886CAB /* Disabled Modifier.swift in Sources */,
				65D3DBB62B1B1F2200BCCD38 /* LoadingAnimation.swift in Sources */,
				BBE434772B1BE35F00886CAB /* PersistenceController.swift in Sources */,
				BB391FC82B1ADE790014FB18 /* NavPayloads.swift in Sources */,
				BBE434862B1C0E5200886CAB /* DefaultSubredditRowView.swift in Sources */,
				65D3DBCF2B1B52EF00BCCD38 /* RemoveTrackingParams.swift in Sources */,
				BBE434752B1BE32300886CAB /* LocalData.xcdatamodeld in Sources */,
				BB071EDC2B1D326300C198BC /* Comment Utils.swift in Sources */,
				65D3DBB22B1B1C0300BCCD38 /* AppDelegate.swift in Sources */,
				BB391FCC2B1ADE850014FB18 /* Post Utils.swift in Sources */,
				BB391FB12B1ADDB00014FB18 /* SKPhotoBrowserController.swift in Sources */,
				BBE434632B1BD32B00886CAB /* SectionIndexTitlesView.swift in Sources */,
				BBE434722B1BD6A400886CAB /* String Hex.swift in Sources */,
			);
			runOnlyForDeploymentPostprocessing = 0;
		};
/* End PBXSourcesBuildPhase section */

/* Begin PBXTargetDependency section */
		65D3DBD92B1B555200BCCD38 /* PBXTargetDependency */ = {
			isa = PBXTargetDependency;
			target = BBB2C0BD2B1AD88E003C8ACC /* OpenArtemis */;
			targetProxy = 65D3DBD82B1B555200BCCD38 /* PBXContainerItemProxy */;
		};
/* End PBXTargetDependency section */

/* Begin XCBuildConfiguration section */
		65D3DBDB2B1B555200BCCD38 /* Debug */ = {
			isa = XCBuildConfiguration;
			buildSettings = {
				BUNDLE_LOADER = "$(TEST_HOST)";
				CODE_SIGN_STYLE = Automatic;
				CURRENT_PROJECT_VERSION = 1;
				GENERATE_INFOPLIST_FILE = YES;
				MARKETING_VERSION = 1.0;
				PRODUCT_BUNDLE_IDENTIFIER = com.ethanbills.OpenArtemisTests;
				PRODUCT_NAME = "$(TARGET_NAME)";
				SWIFT_EMIT_LOC_STRINGS = NO;
				SWIFT_VERSION = 5.0;
				TARGETED_DEVICE_FAMILY = "1,2";
				TEST_HOST = "$(BUILT_PRODUCTS_DIR)/OpenArtemis.app/$(BUNDLE_EXECUTABLE_FOLDER_PATH)/OpenArtemis";
			};
			name = Debug;
		};
		65D3DBDC2B1B555200BCCD38 /* Release */ = {
			isa = XCBuildConfiguration;
			buildSettings = {
				BUNDLE_LOADER = "$(TEST_HOST)";
				CODE_SIGN_STYLE = Automatic;
				CURRENT_PROJECT_VERSION = 1;
				GENERATE_INFOPLIST_FILE = YES;
				MARKETING_VERSION = 1.0;
				PRODUCT_BUNDLE_IDENTIFIER = com.ethanbills.OpenArtemisTests;
				PRODUCT_NAME = "$(TARGET_NAME)";
				SWIFT_EMIT_LOC_STRINGS = NO;
				SWIFT_VERSION = 5.0;
				TARGETED_DEVICE_FAMILY = "1,2";
				TEST_HOST = "$(BUILT_PRODUCTS_DIR)/OpenArtemis.app/$(BUNDLE_EXECUTABLE_FOLDER_PATH)/OpenArtemis";
			};
			name = Release;
		};
		BBB2C0CA2B1AD88F003C8ACC /* Debug */ = {
			isa = XCBuildConfiguration;
			buildSettings = {
				ALWAYS_SEARCH_USER_PATHS = NO;
				ASSETCATALOG_COMPILER_GENERATE_SWIFT_ASSET_SYMBOL_EXTENSIONS = YES;
				CLANG_ANALYZER_NONNULL = YES;
				CLANG_ANALYZER_NUMBER_OBJECT_CONVERSION = YES_AGGRESSIVE;
				CLANG_CXX_LANGUAGE_STANDARD = "gnu++20";
				CLANG_ENABLE_MODULES = YES;
				CLANG_ENABLE_OBJC_ARC = YES;
				CLANG_ENABLE_OBJC_WEAK = YES;
				CLANG_WARN_BLOCK_CAPTURE_AUTORELEASING = YES;
				CLANG_WARN_BOOL_CONVERSION = YES;
				CLANG_WARN_COMMA = YES;
				CLANG_WARN_CONSTANT_CONVERSION = YES;
				CLANG_WARN_DEPRECATED_OBJC_IMPLEMENTATIONS = YES;
				CLANG_WARN_DIRECT_OBJC_ISA_USAGE = YES_ERROR;
				CLANG_WARN_DOCUMENTATION_COMMENTS = YES;
				CLANG_WARN_EMPTY_BODY = YES;
				CLANG_WARN_ENUM_CONVERSION = YES;
				CLANG_WARN_INFINITE_RECURSION = YES;
				CLANG_WARN_INT_CONVERSION = YES;
				CLANG_WARN_NON_LITERAL_NULL_CONVERSION = YES;
				CLANG_WARN_OBJC_IMPLICIT_RETAIN_SELF = YES;
				CLANG_WARN_OBJC_LITERAL_CONVERSION = YES;
				CLANG_WARN_OBJC_ROOT_CLASS = YES_ERROR;
				CLANG_WARN_QUOTED_INCLUDE_IN_FRAMEWORK_HEADER = YES;
				CLANG_WARN_RANGE_LOOP_ANALYSIS = YES;
				CLANG_WARN_STRICT_PROTOTYPES = YES;
				CLANG_WARN_SUSPICIOUS_MOVE = YES;
				CLANG_WARN_UNGUARDED_AVAILABILITY = YES_AGGRESSIVE;
				CLANG_WARN_UNREACHABLE_CODE = YES;
				CLANG_WARN__DUPLICATE_METHOD_MATCH = YES;
				COPY_PHASE_STRIP = NO;
				DEBUG_INFORMATION_FORMAT = dwarf;
				ENABLE_STRICT_OBJC_MSGSEND = YES;
				ENABLE_TESTABILITY = YES;
				ENABLE_USER_SCRIPT_SANDBOXING = YES;
				GCC_C_LANGUAGE_STANDARD = gnu17;
				GCC_DYNAMIC_NO_PIC = NO;
				GCC_NO_COMMON_BLOCKS = YES;
				GCC_OPTIMIZATION_LEVEL = 0;
				GCC_PREPROCESSOR_DEFINITIONS = (
					"DEBUG=1",
					"$(inherited)",
				);
				GCC_WARN_64_TO_32_BIT_CONVERSION = YES;
				GCC_WARN_ABOUT_RETURN_TYPE = YES_ERROR;
				GCC_WARN_UNDECLARED_SELECTOR = YES;
				GCC_WARN_UNINITIALIZED_AUTOS = YES_AGGRESSIVE;
				GCC_WARN_UNUSED_FUNCTION = YES;
				GCC_WARN_UNUSED_VARIABLE = YES;
				IPHONEOS_DEPLOYMENT_TARGET = 17.0;
				LOCALIZATION_PREFERS_STRING_CATALOGS = YES;
				MTL_ENABLE_DEBUG_INFO = INCLUDE_SOURCE;
				MTL_FAST_MATH = YES;
				ONLY_ACTIVE_ARCH = YES;
				SDKROOT = iphoneos;
				SWIFT_ACTIVE_COMPILATION_CONDITIONS = "DEBUG $(inherited)";
				SWIFT_OPTIMIZATION_LEVEL = "-Onone";
			};
			name = Debug;
		};
		BBB2C0CB2B1AD88F003C8ACC /* Release */ = {
			isa = XCBuildConfiguration;
			buildSettings = {
				ALWAYS_SEARCH_USER_PATHS = NO;
				ASSETCATALOG_COMPILER_GENERATE_SWIFT_ASSET_SYMBOL_EXTENSIONS = YES;
				CLANG_ANALYZER_NONNULL = YES;
				CLANG_ANALYZER_NUMBER_OBJECT_CONVERSION = YES_AGGRESSIVE;
				CLANG_CXX_LANGUAGE_STANDARD = "gnu++20";
				CLANG_ENABLE_MODULES = YES;
				CLANG_ENABLE_OBJC_ARC = YES;
				CLANG_ENABLE_OBJC_WEAK = YES;
				CLANG_WARN_BLOCK_CAPTURE_AUTORELEASING = YES;
				CLANG_WARN_BOOL_CONVERSION = YES;
				CLANG_WARN_COMMA = YES;
				CLANG_WARN_CONSTANT_CONVERSION = YES;
				CLANG_WARN_DEPRECATED_OBJC_IMPLEMENTATIONS = YES;
				CLANG_WARN_DIRECT_OBJC_ISA_USAGE = YES_ERROR;
				CLANG_WARN_DOCUMENTATION_COMMENTS = YES;
				CLANG_WARN_EMPTY_BODY = YES;
				CLANG_WARN_ENUM_CONVERSION = YES;
				CLANG_WARN_INFINITE_RECURSION = YES;
				CLANG_WARN_INT_CONVERSION = YES;
				CLANG_WARN_NON_LITERAL_NULL_CONVERSION = YES;
				CLANG_WARN_OBJC_IMPLICIT_RETAIN_SELF = YES;
				CLANG_WARN_OBJC_LITERAL_CONVERSION = YES;
				CLANG_WARN_OBJC_ROOT_CLASS = YES_ERROR;
				CLANG_WARN_QUOTED_INCLUDE_IN_FRAMEWORK_HEADER = YES;
				CLANG_WARN_RANGE_LOOP_ANALYSIS = YES;
				CLANG_WARN_STRICT_PROTOTYPES = YES;
				CLANG_WARN_SUSPICIOUS_MOVE = YES;
				CLANG_WARN_UNGUARDED_AVAILABILITY = YES_AGGRESSIVE;
				CLANG_WARN_UNREACHABLE_CODE = YES;
				CLANG_WARN__DUPLICATE_METHOD_MATCH = YES;
				COPY_PHASE_STRIP = NO;
				DEBUG_INFORMATION_FORMAT = "dwarf-with-dsym";
				ENABLE_NS_ASSERTIONS = NO;
				ENABLE_STRICT_OBJC_MSGSEND = YES;
				ENABLE_USER_SCRIPT_SANDBOXING = YES;
				GCC_C_LANGUAGE_STANDARD = gnu17;
				GCC_NO_COMMON_BLOCKS = YES;
				GCC_WARN_64_TO_32_BIT_CONVERSION = YES;
				GCC_WARN_ABOUT_RETURN_TYPE = YES_ERROR;
				GCC_WARN_UNDECLARED_SELECTOR = YES;
				GCC_WARN_UNINITIALIZED_AUTOS = YES_AGGRESSIVE;
				GCC_WARN_UNUSED_FUNCTION = YES;
				GCC_WARN_UNUSED_VARIABLE = YES;
				IPHONEOS_DEPLOYMENT_TARGET = 17.0;
				LOCALIZATION_PREFERS_STRING_CATALOGS = YES;
				MTL_ENABLE_DEBUG_INFO = NO;
				MTL_FAST_MATH = YES;
				SDKROOT = iphoneos;
				SWIFT_COMPILATION_MODE = wholemodule;
				VALIDATE_PRODUCT = YES;
			};
			name = Release;
		};
		BBB2C0CD2B1AD88F003C8ACC /* Debug */ = {
			isa = XCBuildConfiguration;
			buildSettings = {
				ASSETCATALOG_COMPILER_APPICON_NAME = AppIcon;
				ASSETCATALOG_COMPILER_GLOBAL_ACCENT_COLOR_NAME = AccentColor;
				ASSETCATALOG_COMPILER_INCLUDE_ALL_APPICON_ASSETS = YES;
				CODE_SIGN_STYLE = Automatic;
				CURRENT_PROJECT_VERSION = 1;
				DEVELOPMENT_ASSET_PATHS = "\"OpenArtemis/Preview Content\"";
				DEVELOPMENT_TEAM = 2Q775S63Q3;
				ENABLE_PREVIEWS = YES;
				GENERATE_INFOPLIST_FILE = YES;
				INFOPLIST_FILE = OpenArtemis/Info.plist;
				INFOPLIST_KEY_CFBundleDisplayName = OpenArtemis;
				INFOPLIST_KEY_LSApplicationCategoryType = "public.app-category.utilities";
				INFOPLIST_KEY_UIApplicationSceneManifest_Generation = YES;
				INFOPLIST_KEY_UIApplicationSupportsIndirectInputEvents = YES;
				INFOPLIST_KEY_UILaunchScreen_Generation = YES;
				INFOPLIST_KEY_UISupportedInterfaceOrientations_iPad = "UIInterfaceOrientationPortrait UIInterfaceOrientationPortraitUpsideDown UIInterfaceOrientationLandscapeLeft UIInterfaceOrientationLandscapeRight";
				INFOPLIST_KEY_UISupportedInterfaceOrientations_iPhone = "UIInterfaceOrientationPortrait UIInterfaceOrientationLandscapeLeft UIInterfaceOrientationLandscapeRight";
				LD_RUNPATH_SEARCH_PATHS = (
					"$(inherited)",
					"@executable_path/Frameworks",
				);
				MARKETING_VERSION = 1.0;
				PRODUCT_BUNDLE_IDENTIFIER = com.ethanbills.OpenArtemis;
				PRODUCT_NAME = "$(TARGET_NAME)";
				SUPPORTED_PLATFORMS = "iphoneos iphonesimulator";
				SUPPORTS_MACCATALYST = NO;
				SUPPORTS_MAC_DESIGNED_FOR_IPHONE_IPAD = YES;
				SWIFT_EMIT_LOC_STRINGS = YES;
				SWIFT_VERSION = 5.0;
				TARGETED_DEVICE_FAMILY = "1,2";
			};
			name = Debug;
		};
		BBB2C0CE2B1AD88F003C8ACC /* Release */ = {
			isa = XCBuildConfiguration;
			buildSettings = {
				ASSETCATALOG_COMPILER_APPICON_NAME = AppIcon;
				ASSETCATALOG_COMPILER_GLOBAL_ACCENT_COLOR_NAME = AccentColor;
				ASSETCATALOG_COMPILER_INCLUDE_ALL_APPICON_ASSETS = YES;
				CODE_SIGN_STYLE = Automatic;
				CURRENT_PROJECT_VERSION = 1;
				DEVELOPMENT_ASSET_PATHS = "\"OpenArtemis/Preview Content\"";
				DEVELOPMENT_TEAM = 2Q775S63Q3;
				ENABLE_PREVIEWS = YES;
				GENERATE_INFOPLIST_FILE = YES;
				INFOPLIST_FILE = OpenArtemis/Info.plist;
				INFOPLIST_KEY_CFBundleDisplayName = OpenArtemis;
				INFOPLIST_KEY_LSApplicationCategoryType = "public.app-category.utilities";
				INFOPLIST_KEY_UIApplicationSceneManifest_Generation = YES;
				INFOPLIST_KEY_UIApplicationSupportsIndirectInputEvents = YES;
				INFOPLIST_KEY_UILaunchScreen_Generation = YES;
				INFOPLIST_KEY_UISupportedInterfaceOrientations_iPad = "UIInterfaceOrientationPortrait UIInterfaceOrientationPortraitUpsideDown UIInterfaceOrientationLandscapeLeft UIInterfaceOrientationLandscapeRight";
				INFOPLIST_KEY_UISupportedInterfaceOrientations_iPhone = "UIInterfaceOrientationPortrait UIInterfaceOrientationLandscapeLeft UIInterfaceOrientationLandscapeRight";
				LD_RUNPATH_SEARCH_PATHS = (
					"$(inherited)",
					"@executable_path/Frameworks",
				);
				MARKETING_VERSION = 1.0;
				PRODUCT_BUNDLE_IDENTIFIER = com.ethanbills.OpenArtemis;
				PRODUCT_NAME = "$(TARGET_NAME)";
				SUPPORTED_PLATFORMS = "iphoneos iphonesimulator";
				SUPPORTS_MACCATALYST = NO;
				SUPPORTS_MAC_DESIGNED_FOR_IPHONE_IPAD = YES;
				SWIFT_EMIT_LOC_STRINGS = YES;
				SWIFT_VERSION = 5.0;
				TARGETED_DEVICE_FAMILY = "1,2";
			};
			name = Release;
		};
/* End XCBuildConfiguration section */

/* Begin XCConfigurationList section */
		65D3DBDA2B1B555200BCCD38 /* Build configuration list for PBXNativeTarget "OpenArtemisTests" */ = {
			isa = XCConfigurationList;
			buildConfigurations = (
				65D3DBDB2B1B555200BCCD38 /* Debug */,
				65D3DBDC2B1B555200BCCD38 /* Release */,
			);
			defaultConfigurationIsVisible = 0;
			defaultConfigurationName = Release;
		};
		BBB2C0B92B1AD88D003C8ACC /* Build configuration list for PBXProject "OpenArtemis" */ = {
			isa = XCConfigurationList;
			buildConfigurations = (
				BBB2C0CA2B1AD88F003C8ACC /* Debug */,
				BBB2C0CB2B1AD88F003C8ACC /* Release */,
			);
			defaultConfigurationIsVisible = 0;
			defaultConfigurationName = Release;
		};
		BBB2C0CC2B1AD88F003C8ACC /* Build configuration list for PBXNativeTarget "OpenArtemis" */ = {
			isa = XCConfigurationList;
			buildConfigurations = (
				BBB2C0CD2B1AD88F003C8ACC /* Debug */,
				BBB2C0CE2B1AD88F003C8ACC /* Release */,
			);
			defaultConfigurationIsVisible = 0;
			defaultConfigurationName = Release;
		};
/* End XCConfigurationList section */

/* Begin XCRemoteSwiftPackageReference section */
		65D3DBAD2B1B1AFA00BCCD38 /* XCRemoteSwiftPackageReference "Defaults" */ = {
			isa = XCRemoteSwiftPackageReference;
			repositoryURL = "https://github.com/sindresorhus/Defaults.git";
			requirement = {
				branch = main;
				kind = branch;
			};
		};
		BBB2C0DD2B1AD939003C8ACC /* XCRemoteSwiftPackageReference "CachedImage" */ = {
			isa = XCRemoteSwiftPackageReference;
			repositoryURL = "https://github.com/leoz/CachedImage";
			requirement = {
				kind = upToNextMajorVersion;
				minimumVersion = 0.0.5;
			};
		};
		BBB2C0E22B1AD99C003C8ACC /* XCRemoteSwiftPackageReference "SKPhotoBrowser" */ = {
			isa = XCRemoteSwiftPackageReference;
			repositoryURL = "https://github.com/suzuki-0000/SKPhotoBrowser";
			requirement = {
				kind = upToNextMajorVersion;
				minimumVersion = 7.1.0;
			};
		};
		BBB2C0E52B1AD9A7003C8ACC /* XCRemoteSwiftPackageReference "SwiftSoup" */ = {
			isa = XCRemoteSwiftPackageReference;
			repositoryURL = "https://github.com/scinfu/SwiftSoup";
			requirement = {
				kind = upToNextMajorVersion;
				minimumVersion = 2.6.1;
			};
		};
/* End XCRemoteSwiftPackageReference section */

/* Begin XCSwiftPackageProductDependency section */
		65D3DBAE2B1B1AFA00BCCD38 /* Defaults */ = {
			isa = XCSwiftPackageProductDependency;
			package = 65D3DBAD2B1B1AFA00BCCD38 /* XCRemoteSwiftPackageReference "Defaults" */;
			productName = Defaults;
		};
		BBB2C0DE2B1AD939003C8ACC /* CachedImage */ = {
			isa = XCSwiftPackageProductDependency;
			package = BBB2C0DD2B1AD939003C8ACC /* XCRemoteSwiftPackageReference "CachedImage" */;
			productName = CachedImage;
		};
		BBB2C0E32B1AD99C003C8ACC /* SKPhotoBrowser */ = {
			isa = XCSwiftPackageProductDependency;
			package = BBB2C0E22B1AD99C003C8ACC /* XCRemoteSwiftPackageReference "SKPhotoBrowser" */;
			productName = SKPhotoBrowser;
		};
		BBB2C0E62B1AD9A7003C8ACC /* SwiftSoup */ = {
			isa = XCSwiftPackageProductDependency;
			package = BBB2C0E52B1AD9A7003C8ACC /* XCRemoteSwiftPackageReference "SwiftSoup" */;
			productName = SwiftSoup;
		};
/* End XCSwiftPackageProductDependency section */

/* Begin XCVersionGroup section */
		BBE434732B1BE32300886CAB /* LocalData.xcdatamodeld */ = {
			isa = XCVersionGroup;
			children = (
				BBE434742B1BE32300886CAB /* LocalData.xcdatamodel */,
			);
			currentVersion = BBE434742B1BE32300886CAB /* LocalData.xcdatamodel */;
			path = LocalData.xcdatamodeld;
			sourceTree = "<group>";
			versionGroupType = wrapper.xcdatamodel;
		};
/* End XCVersionGroup section */
	};
	rootObject = BBB2C0B62B1AD88D003C8ACC /* Project object */;
}
