// !$*UTF8*$!
{
	archiveVersion = 1;
	classes = {
	};
	objectVersion = 56;
	objects = {

/* Begin PBXBuildFile section */
		1AAF1ED42CDC0A35003E08EB /* FixAlertForMacOSStyle.swift in Sources */ = {isa = PBXBuildFile; fileRef = 1AAF1ED32CDC0A32003E08EB /* FixAlertForMacOSStyle.swift */; };
		652E2AA72B25B19C0075911F /* PrivacyTab.swift in Sources */ = {isa = PBXBuildFile; fileRef = 652E2AA62B25B19C0075911F /* PrivacyTab.swift */; };
		652E2AA92B25B1F10075911F /* HeroBox.swift in Sources */ = {isa = PBXBuildFile; fileRef = 652E2AA82B25B1F10075911F /* HeroBox.swift */; };
		653245C12B2AF5D500227019 /* OOBE_PrivacySelector.swift in Sources */ = {isa = PBXBuildFile; fileRef = 653245BC2B2AF5D500227019 /* OOBE_PrivacySelector.swift */; };
		653245C22B2AF5D500227019 /* OOBE_SubsImporter.swift in Sources */ = {isa = PBXBuildFile; fileRef = 653245BD2B2AF5D500227019 /* OOBE_SubsImporter.swift */; };
		653245C32B2AF5D500227019 /* StarsBlinkingView.swift in Sources */ = {isa = PBXBuildFile; fileRef = 653245BE2B2AF5D500227019 /* StarsBlinkingView.swift */; };
		653245C42B2AF5D500227019 /* OOBE_WelcomeView.swift in Sources */ = {isa = PBXBuildFile; fileRef = 653245BF2B2AF5D500227019 /* OOBE_WelcomeView.swift */; };
		653245C52B2AF5D500227019 /* OnboardingView.swift in Sources */ = {isa = PBXBuildFile; fileRef = 653245C02B2AF5D500227019 /* OnboardingView.swift */; };
		6535AC032B4563AC00E6A2DD /* LiveTextInteraction.swift in Sources */ = {isa = PBXBuildFile; fileRef = 6535AC022B4563AC00E6A2DD /* LiveTextInteraction.swift */; };
		65A332932B1DCDCD00421162 /* SubredditIOManager.swift in Sources */ = {isa = PBXBuildFile; fileRef = 65A332922B1DCDCD00421162 /* SubredditIOManager.swift */; };
		65A3329A2B1DDD2F00421162 /* Toaster.swift in Sources */ = {isa = PBXBuildFile; fileRef = 65A332992B1DDD2F00421162 /* Toaster.swift */; };
		65AD50B12B1E2725008B39E9 /* LazyPager in Frameworks */ = {isa = PBXBuildFile; productRef = 65AD50B02B1E2725008B39E9 /* LazyPager */; };
		65AD50B32B1E38B9008B39E9 /* ImageViewController.swift in Sources */ = {isa = PBXBuildFile; fileRef = 65AD50B22B1E38B9008B39E9 /* ImageViewController.swift */; };
		65BE32272B1CE91E00DBC067 /* FormatBigNumbers.swift in Sources */ = {isa = PBXBuildFile; fileRef = 65BE32262B1CE91E00DBC067 /* FormatBigNumbers.swift */; };
		65D3DBAF2B1B1AFA00BCCD38 /* Defaults in Frameworks */ = {isa = PBXBuildFile; productRef = 65D3DBAE2B1B1AFA00BCCD38 /* Defaults */; };
		65D3DBB22B1B1C0300BCCD38 /* AppDelegate.swift in Sources */ = {isa = PBXBuildFile; fileRef = 65D3DBB12B1B1C0300BCCD38 /* AppDelegate.swift */; };
		65D3DBB62B1B1F2200BCCD38 /* LoadingView.swift in Sources */ = {isa = PBXBuildFile; fileRef = 65D3DBB52B1B1F2200BCCD38 /* LoadingView.swift */; };
		65D3DBB92B1B20ED00BCCD38 /* SettingsView.swift in Sources */ = {isa = PBXBuildFile; fileRef = 65D3DBB82B1B20ED00BCCD38 /* SettingsView.swift */; };
		65D3DBBC2B1B212800BCCD38 /* Defaults.swift in Sources */ = {isa = PBXBuildFile; fileRef = 65D3DBBB2B1B212800BCCD38 /* Defaults.swift */; };
		65D3DBBE2B1B228300BCCD38 /* ThemeColors.swift in Sources */ = {isa = PBXBuildFile; fileRef = 65D3DBBD2B1B228300BCCD38 /* ThemeColors.swift */; };
		65D3DBC02B1B252300BCCD38 /* ChangeAppIconView.swift in Sources */ = {isa = PBXBuildFile; fileRef = 65D3DBBF2B1B252300BCCD38 /* ChangeAppIconView.swift */; };
		65D3DBC82B1B296E00BCCD38 /* AppIconManager.swift in Sources */ = {isa = PBXBuildFile; fileRef = 65D3DBC72B1B296E00BCCD38 /* AppIconManager.swift */; };
		65D3DBCB2B1B3DAC00BCCD38 /* PrivacyURL.swift in Sources */ = {isa = PBXBuildFile; fileRef = 65D3DBCA2B1B3DAC00BCCD38 /* PrivacyURL.swift */; };
		65D3DBCD2B1B4DCF00BCCD38 /* MediaURL.swift in Sources */ = {isa = PBXBuildFile; fileRef = 65D3DBCC2B1B4DCF00BCCD38 /* MediaURL.swift */; };
		65D3DBCF2B1B52EF00BCCD38 /* RemoveTrackingParams.swift in Sources */ = {isa = PBXBuildFile; fileRef = 65D3DBCE2B1B52EF00BCCD38 /* RemoveTrackingParams.swift */; };
		65D3DBD72B1B555200BCCD38 /* OpenArtemisTests.swift in Sources */ = {isa = PBXBuildFile; fileRef = 65D3DBD62B1B555200BCCD38 /* OpenArtemisTests.swift */; };
		65D3DBDE2B1B569000BCCD38 /* PrivacyTests.swift in Sources */ = {isa = PBXBuildFile; fileRef = 65D3DBDD2B1B569000BCCD38 /* PrivacyTests.swift */; };
		65D7E84F2B234B4F003FF5B5 /* SavedView.swift in Sources */ = {isa = PBXBuildFile; fileRef = 65D7E84E2B234B4F003FF5B5 /* SavedView.swift */; };
		65D7E8562B23755A003FF5B5 /* SavedModifier.swift in Sources */ = {isa = PBXBuildFile; fileRef = 65D7E8552B23755A003FF5B5 /* SavedModifier.swift */; };
		65EFE4092B1CBCAA00517EBE /* ImportURLSheet.swift in Sources */ = {isa = PBXBuildFile; fileRef = 65EFE4082B1CBCAA00517EBE /* ImportURLSheet.swift */; };
		65EFE40B2B1CC37F00517EBE /* If.swift in Sources */ = {isa = PBXBuildFile; fileRef = 65EFE40A2B1CC37F00517EBE /* If.swift */; };
		65F595982B1F116F005BE493 /* ScrapeSubreddit.swift in Sources */ = {isa = PBXBuildFile; fileRef = 65F595972B1F116F005BE493 /* ScrapeSubreddit.swift */; };
		65F5959A2B1F1195005BE493 /* ScrapePostMedia.swift in Sources */ = {isa = PBXBuildFile; fileRef = 65F595992B1F1195005BE493 /* ScrapePostMedia.swift */; };
		65F5959C2B1F188B005BE493 /* ColorFromHex.swift in Sources */ = {isa = PBXBuildFile; fileRef = 65F5959B2B1F188B005BE493 /* ColorFromHex.swift */; };
		65F5959E2B1F3A54005BE493 /* HapticManager.swift in Sources */ = {isa = PBXBuildFile; fileRef = 65F5959D2B1F3A54005BE493 /* HapticManager.swift */; };
		65F595A02B1F3A69005BE493 /* GestureActions.swift in Sources */ = {isa = PBXBuildFile; fileRef = 65F5959F2B1F3A69005BE493 /* GestureActions.swift */; };
		BB05568F2B367B2C00BB71F1 /* NavigationStackWrapper.swift in Sources */ = {isa = PBXBuildFile; fileRef = BB05568E2B367B2C00BB71F1 /* NavigationStackWrapper.swift */; };
		BB0556932B3BAF1E00BB71F1 /* ProfileView.swift in Sources */ = {isa = PBXBuildFile; fileRef = BB0556922B3BAF1E00BB71F1 /* ProfileView.swift */; };
		BB0556952B3BAF8400BB71F1 /* ScrapeProfile.swift in Sources */ = {isa = PBXBuildFile; fileRef = BB0556942B3BAF8400BB71F1 /* ScrapeProfile.swift */; };
		BB2B1F282B96462000653677 /* TextSizeAdjustmentView.swift in Sources */ = {isa = PBXBuildFile; fileRef = BB2B1F272B96462000653677 /* TextSizeAdjustmentView.swift */; };
		BB2B1F2D2B96873F00653677 /* increaseHitboxBy.swift in Sources */ = {isa = PBXBuildFile; fileRef = BB2B1F2C2B96873F00653677 /* increaseHitboxBy.swift */; };
		BB3387032B2C171C00EF4D5C /* Theme Wrappers.swift in Sources */ = {isa = PBXBuildFile; fileRef = BB3387022B2C171C00EF4D5C /* Theme Wrappers.swift */; };
		BB34B3462BC0BCB700A49859 /* CommentThemeView.swift in Sources */ = {isa = PBXBuildFile; fileRef = BB34B3452BC0BCB700A49859 /* CommentThemeView.swift */; };
		BB38FC5E2B991DCE002994F1 /* DefaultFavoritesView.swift in Sources */ = {isa = PBXBuildFile; fileRef = BB38FC5D2B991DCE002994F1 /* DefaultFavoritesView.swift */; };
		BB391F9F2B1ADCDB0014FB18 /* SubredditFeedView.swift in Sources */ = {isa = PBXBuildFile; fileRef = BB391F9E2B1ADCDB0014FB18 /* SubredditFeedView.swift */; };
		BB391FA42B1ADD140014FB18 /* SearchView.swift in Sources */ = {isa = PBXBuildFile; fileRef = BB391FA22B1ADD140014FB18 /* SearchView.swift */; };
		BB391FA62B1ADD540014FB18 /* DetailTagView.swift in Sources */ = {isa = PBXBuildFile; fileRef = BB391FA52B1ADD540014FB18 /* DetailTagView.swift */; };
		BB391FAB2B1ADD9B0014FB18 /* EmbeddedMultiMediaView.swift in Sources */ = {isa = PBXBuildFile; fileRef = BB391FAA2B1ADD9B0014FB18 /* EmbeddedMultiMediaView.swift */; };
		BB391FAD2B1ADDA00014FB18 /* MediaView.swift in Sources */ = {isa = PBXBuildFile; fileRef = BB391FAC2B1ADDA00014FB18 /* MediaView.swift */; };
		BB391FB22B1ADDB00014FB18 /* VideoPlayerViewController.swift in Sources */ = {isa = PBXBuildFile; fileRef = BB391FB02B1ADDB00014FB18 /* VideoPlayerViewController.swift */; };
		BB391FB42B1ADDE70014FB18 /* PostFeedView.swift in Sources */ = {isa = PBXBuildFile; fileRef = BB391FB32B1ADDE70014FB18 /* PostFeedView.swift */; };
		BB391FBA2B1ADE470014FB18 /* App Consts.swift in Sources */ = {isa = PBXBuildFile; fileRef = BB391FB92B1ADE470014FB18 /* App Consts.swift */; };
		BB391FBC2B1ADE4E0014FB18 /* PresentSafari.swift in Sources */ = {isa = PBXBuildFile; fileRef = BB391FBB2B1ADE4E0014FB18 /* PresentSafari.swift */; };
		BB391FC22B1ADE700014FB18 /* Loading Modifiers.swift in Sources */ = {isa = PBXBuildFile; fileRef = BB391FC02B1ADE700014FB18 /* Loading Modifiers.swift */; };
		BB391FC32B1ADE700014FB18 /* SizeModifier.swift in Sources */ = {isa = PBXBuildFile; fileRef = BB391FC12B1ADE700014FB18 /* SizeModifier.swift */; };
		BB391FC72B1ADE790014FB18 /* NavInjector.swift in Sources */ = {isa = PBXBuildFile; fileRef = BB391FC42B1ADE790014FB18 /* NavInjector.swift */; };
		BB391FC82B1ADE790014FB18 /* NavPayloads.swift in Sources */ = {isa = PBXBuildFile; fileRef = BB391FC52B1ADE790014FB18 /* NavPayloads.swift */; };
		BB391FC92B1ADE790014FB18 /* NavCoordinator.swift in Sources */ = {isa = PBXBuildFile; fileRef = BB391FC62B1ADE790014FB18 /* NavCoordinator.swift */; };
		BB391FCC2B1ADE850014FB18 /* Post Utils.swift in Sources */ = {isa = PBXBuildFile; fileRef = BB391FCA2B1ADE850014FB18 /* Post Utils.swift */; };
		BB391FCD2B1ADE850014FB18 /* Media Utils.swift in Sources */ = {isa = PBXBuildFile; fileRef = BB391FCB2B1ADE850014FB18 /* Media Utils.swift */; };
		BB4845172B9E22C90015376B /* GlobalLoadingManager.swift in Sources */ = {isa = PBXBuildFile; fileRef = BB4845162B9E22C90015376B /* GlobalLoadingManager.swift */; };
		BB48451A2B9E32980015376B /* AlertToast in Frameworks */ = {isa = PBXBuildFile; productRef = BB4845192B9E32980015376B /* AlertToast */; };
		BB502DD12B23AACC003C22DB /* SubredditUtils.swift in Sources */ = {isa = PBXBuildFile; fileRef = BB502DD02B23AACC003C22DB /* SubredditUtils.swift */; };
		BB502DD32B23FD4A003C22DB /* CommentSkipper.swift in Sources */ = {isa = PBXBuildFile; fileRef = BB502DD22B23FD4A003C22DB /* CommentSkipper.swift */; };
		BB502DD62B2403D6003C22DB /* Misc Utils.swift in Sources */ = {isa = PBXBuildFile; fileRef = BB502DD52B2403D6003C22DB /* Misc Utils.swift */; };
		BB57456A2B5321FA00A961C1 /* HTML to MD.swift in Sources */ = {isa = PBXBuildFile; fileRef = BB5745692B5321FA00A961C1 /* HTML to MD.swift */; };
		BB57456D2B5322CC00A961C1 /* Artemis MD.swift in Sources */ = {isa = PBXBuildFile; fileRef = BB57456C2B5322CC00A961C1 /* Artemis MD.swift */; };
		BB7683602BBFAE2500792D5A /* TapHighlighter.swift in Sources */ = {isa = PBXBuildFile; fileRef = BB76835F2BBFAE2500792D5A /* TapHighlighter.swift */; };
		BB7683632BBFB51F00792D5A /* AnimatedButtonPress.swift in Sources */ = {isa = PBXBuildFile; fileRef = BB7683622BBFB51F00792D5A /* AnimatedButtonPress.swift */; };
		BB8444AE2BA0E2DF00C8B512 /* CollapsibleSectionHeader.swift in Sources */ = {isa = PBXBuildFile; fileRef = BB8444AD2BA0E2DF00C8B512 /* CollapsibleSectionHeader.swift */; };
		BB853E702B35E3210041150C /* CodableColor.swift in Sources */ = {isa = PBXBuildFile; fileRef = BB853E6F2B35E3210041150C /* CodableColor.swift */; };
		BB8CAE732B1E735F00CA13BB /* PostPageView.swift in Sources */ = {isa = PBXBuildFile; fileRef = BB8CAE722B1E735F00CA13BB /* PostPageView.swift */; };
		BB8CAE782B1E73B600CA13BB /* CommentView.swift in Sources */ = {isa = PBXBuildFile; fileRef = BB8CAE772B1E73B600CA13BB /* CommentView.swift */; };
		BB8CAE7A2B1E73CE00CA13BB /* Comment Utils.swift in Sources */ = {isa = PBXBuildFile; fileRef = BB8CAE792B1E73CE00CA13BB /* Comment Utils.swift */; };
		BB8CAE7C2B1E73D400CA13BB /* TimeFormatter.swift in Sources */ = {isa = PBXBuildFile; fileRef = BB8CAE7B2B1E73D400CA13BB /* TimeFormatter.swift */; };
		BB93194B2B3CDA2C00863302 /* DateSorting.swift in Sources */ = {isa = PBXBuildFile; fileRef = BB93194A2B3CDA2C00863302 /* DateSorting.swift */; };
		BBA6FD6A2B45303C0096242E /* LimitedSet.swift in Sources */ = {isa = PBXBuildFile; fileRef = BBA6FD692B45303C0096242E /* LimitedSet.swift */; };
		BBACCB402B3231E100A9F550 /* TitleTagView.swift in Sources */ = {isa = PBXBuildFile; fileRef = BBACCB3F2B3231E100A9F550 /* TitleTagView.swift */; };
		BBB101D02B20154600691B2F /* PostDetailsView.swift in Sources */ = {isa = PBXBuildFile; fileRef = BBB101CF2B20154600691B2F /* PostDetailsView.swift */; };
		BBB2C0C62B1AD88F003C8ACC /* Assets.xcassets in Resources */ = {isa = PBXBuildFile; fileRef = BBB2C0C52B1AD88F003C8ACC /* Assets.xcassets */; };
		BBB2C0C92B1AD88F003C8ACC /* Preview Assets.xcassets in Resources */ = {isa = PBXBuildFile; fileRef = BBB2C0C82B1AD88F003C8ACC /* Preview Assets.xcassets */; };
		BBB2C0DF2B1AD939003C8ACC /* CachedImage in Frameworks */ = {isa = PBXBuildFile; productRef = BBB2C0DE2B1AD939003C8ACC /* CachedImage */; };
		BBB2C0E72B1AD9A7003C8ACC /* SwiftSoup in Frameworks */ = {isa = PBXBuildFile; productRef = BBB2C0E62B1AD9A7003C8ACC /* SwiftSoup */; };
		BBB2C0E92B1ADAB1003C8ACC /* OpenArtemisApp.swift in Sources */ = {isa = PBXBuildFile; fileRef = BBB2C0E82B1ADAB1003C8ACC /* OpenArtemisApp.swift */; };
		BBB693302B420C550094DFEE /* OpenGraph in Frameworks */ = {isa = PBXBuildFile; productRef = BBB6932F2B420C550094DFEE /* OpenGraph */; };
		BBCACEF22C3ECC6500D06796 /* MarkdownUI in Frameworks */ = {isa = PBXBuildFile; productRef = BBCACEF12C3ECC6500D06796 /* MarkdownUI */; };
		BBE434602B1BD02F00886CAB /* SubredditDrawerView.swift in Sources */ = {isa = PBXBuildFile; fileRef = BBE4345F2B1BD02F00886CAB /* SubredditDrawerView.swift */; };
		BBE434632B1BD32B00886CAB /* SectionIndexTitlesView.swift in Sources */ = {isa = PBXBuildFile; fileRef = BBE434622B1BD32B00886CAB /* SectionIndexTitlesView.swift */; };
		BBE434722B1BD6A400886CAB /* String Hex.swift in Sources */ = {isa = PBXBuildFile; fileRef = BBE434712B1BD6A400886CAB /* String Hex.swift */; };
		BBE434752B1BE32300886CAB /* LocalData.xcdatamodeld in Sources */ = {isa = PBXBuildFile; fileRef = BBE434732B1BE32300886CAB /* LocalData.xcdatamodeld */; };
		BBE434772B1BE35F00886CAB /* PersistenceController.swift in Sources */ = {isa = PBXBuildFile; fileRef = BBE434762B1BE35F00886CAB /* PersistenceController.swift */; };
		BBE4347B2B1BF28E00886CAB /* Disabled Modifier.swift in Sources */ = {isa = PBXBuildFile; fileRef = BBE4347A2B1BF28E00886CAB /* Disabled Modifier.swift */; };
		BBE434842B1C0D1900886CAB /* SubredditRowView.swift in Sources */ = {isa = PBXBuildFile; fileRef = BBE434832B1C0D1900886CAB /* SubredditRowView.swift */; };
		BBE434862B1C0E5200886CAB /* DefaultSubredditRowView.swift in Sources */ = {isa = PBXBuildFile; fileRef = BBE434852B1C0E5200886CAB /* DefaultSubredditRowView.swift */; };
		BBEB46E02B32812100C33D33 /* DividerView.swift in Sources */ = {isa = PBXBuildFile; fileRef = BBEB46DF2B32812100C33D33 /* DividerView.swift */; };
		BBEB46E32B34999B00C33D33 /* ScrapeSearch.swift in Sources */ = {isa = PBXBuildFile; fileRef = BBEB46E22B34999B00C33D33 /* ScrapeSearch.swift */; };
		BBEC22D72BC7793B000CFEE8 /* HeadlessWebManager.swift in Sources */ = {isa = PBXBuildFile; fileRef = BBEC22D62BC7793B000CFEE8 /* HeadlessWebManager.swift */; };
		BBECC0E12B44E30D002FD4B9 /* ContentListView.swift in Sources */ = {isa = PBXBuildFile; fileRef = BBECC0E02B44E30D002FD4B9 /* ContentListView.swift */; };
		BBF5A0AE2B429279000B3E75 /* NothingHereView.swift in Sources */ = {isa = PBXBuildFile; fileRef = BBF5A0AD2B429279000B3E75 /* NothingHereView.swift */; };
		BBF5A0B02B43C1E7000B3E75 /* ReadModifier.swift in Sources */ = {isa = PBXBuildFile; fileRef = BBF5A0AF2B43C1E7000B3E75 /* ReadModifier.swift */; };
/* End PBXBuildFile section */

/* Begin PBXContainerItemProxy section */
		65D3DBD82B1B555200BCCD38 /* PBXContainerItemProxy */ = {
			isa = PBXContainerItemProxy;
			containerPortal = BBB2C0B62B1AD88D003C8ACC /* Project object */;
			proxyType = 1;
			remoteGlobalIDString = BBB2C0BD2B1AD88E003C8ACC;
			remoteInfo = OpenArtemis;
		};
/* End PBXContainerItemProxy section */

/* Begin PBXFileReference section */
		1AAF1ED32CDC0A32003E08EB /* FixAlertForMacOSStyle.swift */ = {isa = PBXFileReference; lastKnownFileType = sourcecode.swift; path = FixAlertForMacOSStyle.swift; sourceTree = "<group>"; };
		652E2AA62B25B19C0075911F /* PrivacyTab.swift */ = {isa = PBXFileReference; lastKnownFileType = sourcecode.swift; path = PrivacyTab.swift; sourceTree = "<group>"; };
		652E2AA82B25B1F10075911F /* HeroBox.swift */ = {isa = PBXFileReference; lastKnownFileType = sourcecode.swift; path = HeroBox.swift; sourceTree = "<group>"; };
		653245BC2B2AF5D500227019 /* OOBE_PrivacySelector.swift */ = {isa = PBXFileReference; fileEncoding = 4; lastKnownFileType = sourcecode.swift; path = OOBE_PrivacySelector.swift; sourceTree = "<group>"; };
		653245BD2B2AF5D500227019 /* OOBE_SubsImporter.swift */ = {isa = PBXFileReference; fileEncoding = 4; lastKnownFileType = sourcecode.swift; path = OOBE_SubsImporter.swift; sourceTree = "<group>"; };
		653245BE2B2AF5D500227019 /* StarsBlinkingView.swift */ = {isa = PBXFileReference; fileEncoding = 4; lastKnownFileType = sourcecode.swift; path = StarsBlinkingView.swift; sourceTree = "<group>"; };
		653245BF2B2AF5D500227019 /* OOBE_WelcomeView.swift */ = {isa = PBXFileReference; fileEncoding = 4; lastKnownFileType = sourcecode.swift; path = OOBE_WelcomeView.swift; sourceTree = "<group>"; };
		653245C02B2AF5D500227019 /* OnboardingView.swift */ = {isa = PBXFileReference; fileEncoding = 4; lastKnownFileType = sourcecode.swift; path = OnboardingView.swift; sourceTree = "<group>"; };
		6535AC022B4563AC00E6A2DD /* LiveTextInteraction.swift */ = {isa = PBXFileReference; lastKnownFileType = sourcecode.swift; path = LiveTextInteraction.swift; sourceTree = "<group>"; };
		6539284B2B1C7A2700D5062F /* OpenArtemis.entitlements */ = {isa = PBXFileReference; lastKnownFileType = text.plist.entitlements; path = OpenArtemis.entitlements; sourceTree = "<group>"; };
		6573F9342B1B710A00859D2C /* Info.plist */ = {isa = PBXFileReference; lastKnownFileType = text.plist; path = Info.plist; sourceTree = "<group>"; };
		65A332922B1DCDCD00421162 /* SubredditIOManager.swift */ = {isa = PBXFileReference; lastKnownFileType = sourcecode.swift; path = SubredditIOManager.swift; sourceTree = "<group>"; };
		65A332992B1DDD2F00421162 /* Toaster.swift */ = {isa = PBXFileReference; fileEncoding = 4; lastKnownFileType = sourcecode.swift; path = Toaster.swift; sourceTree = "<group>"; };
		65AD50B22B1E38B9008B39E9 /* ImageViewController.swift */ = {isa = PBXFileReference; lastKnownFileType = sourcecode.swift; path = ImageViewController.swift; sourceTree = "<group>"; };
		65BE32262B1CE91E00DBC067 /* FormatBigNumbers.swift */ = {isa = PBXFileReference; lastKnownFileType = sourcecode.swift; path = FormatBigNumbers.swift; sourceTree = "<group>"; };
		65D3DBB12B1B1C0300BCCD38 /* AppDelegate.swift */ = {isa = PBXFileReference; lastKnownFileType = sourcecode.swift; path = AppDelegate.swift; sourceTree = "<group>"; };
		65D3DBB52B1B1F2200BCCD38 /* LoadingView.swift */ = {isa = PBXFileReference; lastKnownFileType = sourcecode.swift; path = LoadingView.swift; sourceTree = "<group>"; };
		65D3DBB82B1B20ED00BCCD38 /* SettingsView.swift */ = {isa = PBXFileReference; lastKnownFileType = sourcecode.swift; path = SettingsView.swift; sourceTree = "<group>"; };
		65D3DBBB2B1B212800BCCD38 /* Defaults.swift */ = {isa = PBXFileReference; lastKnownFileType = sourcecode.swift; path = Defaults.swift; sourceTree = "<group>"; };
		65D3DBBD2B1B228300BCCD38 /* ThemeColors.swift */ = {isa = PBXFileReference; lastKnownFileType = sourcecode.swift; path = ThemeColors.swift; sourceTree = "<group>"; };
		65D3DBBF2B1B252300BCCD38 /* ChangeAppIconView.swift */ = {isa = PBXFileReference; lastKnownFileType = sourcecode.swift; path = ChangeAppIconView.swift; sourceTree = "<group>"; };
		65D3DBC72B1B296E00BCCD38 /* AppIconManager.swift */ = {isa = PBXFileReference; lastKnownFileType = sourcecode.swift; path = AppIconManager.swift; sourceTree = "<group>"; };
		65D3DBCA2B1B3DAC00BCCD38 /* PrivacyURL.swift */ = {isa = PBXFileReference; lastKnownFileType = sourcecode.swift; path = PrivacyURL.swift; sourceTree = "<group>"; };
		65D3DBCC2B1B4DCF00BCCD38 /* MediaURL.swift */ = {isa = PBXFileReference; lastKnownFileType = sourcecode.swift; path = MediaURL.swift; sourceTree = "<group>"; };
		65D3DBCE2B1B52EF00BCCD38 /* RemoveTrackingParams.swift */ = {isa = PBXFileReference; lastKnownFileType = sourcecode.swift; path = RemoveTrackingParams.swift; sourceTree = "<group>"; };
		65D3DBD42B1B555200BCCD38 /* OpenArtemisTests.xctest */ = {isa = PBXFileReference; explicitFileType = wrapper.cfbundle; includeInIndex = 0; path = OpenArtemisTests.xctest; sourceTree = BUILT_PRODUCTS_DIR; };
		65D3DBD62B1B555200BCCD38 /* OpenArtemisTests.swift */ = {isa = PBXFileReference; lastKnownFileType = sourcecode.swift; path = OpenArtemisTests.swift; sourceTree = "<group>"; };
		65D3DBDD2B1B569000BCCD38 /* PrivacyTests.swift */ = {isa = PBXFileReference; lastKnownFileType = sourcecode.swift; path = PrivacyTests.swift; sourceTree = "<group>"; };
		65D7E84E2B234B4F003FF5B5 /* SavedView.swift */ = {isa = PBXFileReference; lastKnownFileType = sourcecode.swift; path = SavedView.swift; sourceTree = "<group>"; };
		65D7E8552B23755A003FF5B5 /* SavedModifier.swift */ = {isa = PBXFileReference; lastKnownFileType = sourcecode.swift; path = SavedModifier.swift; sourceTree = "<group>"; };
		65EFE4082B1CBCAA00517EBE /* ImportURLSheet.swift */ = {isa = PBXFileReference; lastKnownFileType = sourcecode.swift; path = ImportURLSheet.swift; sourceTree = "<group>"; };
		65EFE40A2B1CC37F00517EBE /* If.swift */ = {isa = PBXFileReference; lastKnownFileType = sourcecode.swift; path = If.swift; sourceTree = "<group>"; };
		65F595972B1F116F005BE493 /* ScrapeSubreddit.swift */ = {isa = PBXFileReference; lastKnownFileType = sourcecode.swift; path = ScrapeSubreddit.swift; sourceTree = "<group>"; };
		65F595992B1F1195005BE493 /* ScrapePostMedia.swift */ = {isa = PBXFileReference; lastKnownFileType = sourcecode.swift; path = ScrapePostMedia.swift; sourceTree = "<group>"; };
		65F5959B2B1F188B005BE493 /* ColorFromHex.swift */ = {isa = PBXFileReference; lastKnownFileType = sourcecode.swift; path = ColorFromHex.swift; sourceTree = "<group>"; };
		65F5959D2B1F3A54005BE493 /* HapticManager.swift */ = {isa = PBXFileReference; lastKnownFileType = sourcecode.swift; path = HapticManager.swift; sourceTree = "<group>"; };
		65F5959F2B1F3A69005BE493 /* GestureActions.swift */ = {isa = PBXFileReference; lastKnownFileType = sourcecode.swift; path = GestureActions.swift; sourceTree = "<group>"; };
		BB05568E2B367B2C00BB71F1 /* NavigationStackWrapper.swift */ = {isa = PBXFileReference; lastKnownFileType = sourcecode.swift; path = NavigationStackWrapper.swift; sourceTree = "<group>"; };
		BB0556922B3BAF1E00BB71F1 /* ProfileView.swift */ = {isa = PBXFileReference; lastKnownFileType = sourcecode.swift; path = ProfileView.swift; sourceTree = "<group>"; };
		BB0556942B3BAF8400BB71F1 /* ScrapeProfile.swift */ = {isa = PBXFileReference; lastKnownFileType = sourcecode.swift; path = ScrapeProfile.swift; sourceTree = "<group>"; };
		BB2B1F272B96462000653677 /* TextSizeAdjustmentView.swift */ = {isa = PBXFileReference; lastKnownFileType = sourcecode.swift; path = TextSizeAdjustmentView.swift; sourceTree = "<group>"; };
		BB2B1F2C2B96873F00653677 /* increaseHitboxBy.swift */ = {isa = PBXFileReference; fileEncoding = 4; lastKnownFileType = sourcecode.swift; path = increaseHitboxBy.swift; sourceTree = "<group>"; };
		BB3387022B2C171C00EF4D5C /* Theme Wrappers.swift */ = {isa = PBXFileReference; lastKnownFileType = sourcecode.swift; path = "Theme Wrappers.swift"; sourceTree = "<group>"; };
		BB34B3452BC0BCB700A49859 /* CommentThemeView.swift */ = {isa = PBXFileReference; lastKnownFileType = sourcecode.swift; path = CommentThemeView.swift; sourceTree = "<group>"; };
		BB38FC5D2B991DCE002994F1 /* DefaultFavoritesView.swift */ = {isa = PBXFileReference; lastKnownFileType = sourcecode.swift; path = DefaultFavoritesView.swift; sourceTree = "<group>"; };
		BB391F9E2B1ADCDB0014FB18 /* SubredditFeedView.swift */ = {isa = PBXFileReference; lastKnownFileType = sourcecode.swift; path = SubredditFeedView.swift; sourceTree = "<group>"; };
		BB391FA22B1ADD140014FB18 /* SearchView.swift */ = {isa = PBXFileReference; fileEncoding = 4; lastKnownFileType = sourcecode.swift; path = SearchView.swift; sourceTree = "<group>"; };
		BB391FA52B1ADD540014FB18 /* DetailTagView.swift */ = {isa = PBXFileReference; fileEncoding = 4; lastKnownFileType = sourcecode.swift; path = DetailTagView.swift; sourceTree = "<group>"; };
		BB391FAA2B1ADD9B0014FB18 /* EmbeddedMultiMediaView.swift */ = {isa = PBXFileReference; fileEncoding = 4; lastKnownFileType = sourcecode.swift; path = EmbeddedMultiMediaView.swift; sourceTree = "<group>"; };
		BB391FAC2B1ADDA00014FB18 /* MediaView.swift */ = {isa = PBXFileReference; fileEncoding = 4; lastKnownFileType = sourcecode.swift; path = MediaView.swift; sourceTree = "<group>"; };
		BB391FB02B1ADDB00014FB18 /* VideoPlayerViewController.swift */ = {isa = PBXFileReference; fileEncoding = 4; lastKnownFileType = sourcecode.swift; path = VideoPlayerViewController.swift; sourceTree = "<group>"; };
		BB391FB32B1ADDE70014FB18 /* PostFeedView.swift */ = {isa = PBXFileReference; fileEncoding = 4; lastKnownFileType = sourcecode.swift; path = PostFeedView.swift; sourceTree = "<group>"; };
		BB391FB92B1ADE470014FB18 /* App Consts.swift */ = {isa = PBXFileReference; fileEncoding = 4; lastKnownFileType = sourcecode.swift; path = "App Consts.swift"; sourceTree = "<group>"; };
		BB391FBB2B1ADE4E0014FB18 /* PresentSafari.swift */ = {isa = PBXFileReference; fileEncoding = 4; lastKnownFileType = sourcecode.swift; path = PresentSafari.swift; sourceTree = "<group>"; };
		BB391FC02B1ADE700014FB18 /* Loading Modifiers.swift */ = {isa = PBXFileReference; fileEncoding = 4; lastKnownFileType = sourcecode.swift; path = "Loading Modifiers.swift"; sourceTree = "<group>"; };
		BB391FC12B1ADE700014FB18 /* SizeModifier.swift */ = {isa = PBXFileReference; fileEncoding = 4; lastKnownFileType = sourcecode.swift; path = SizeModifier.swift; sourceTree = "<group>"; };
		BB391FC42B1ADE790014FB18 /* NavInjector.swift */ = {isa = PBXFileReference; fileEncoding = 4; lastKnownFileType = sourcecode.swift; path = NavInjector.swift; sourceTree = "<group>"; };
		BB391FC52B1ADE790014FB18 /* NavPayloads.swift */ = {isa = PBXFileReference; fileEncoding = 4; lastKnownFileType = sourcecode.swift; path = NavPayloads.swift; sourceTree = "<group>"; };
		BB391FC62B1ADE790014FB18 /* NavCoordinator.swift */ = {isa = PBXFileReference; fileEncoding = 4; lastKnownFileType = sourcecode.swift; path = NavCoordinator.swift; sourceTree = "<group>"; };
		BB391FCA2B1ADE850014FB18 /* Post Utils.swift */ = {isa = PBXFileReference; fileEncoding = 4; lastKnownFileType = sourcecode.swift; path = "Post Utils.swift"; sourceTree = "<group>"; };
		BB391FCB2B1ADE850014FB18 /* Media Utils.swift */ = {isa = PBXFileReference; fileEncoding = 4; lastKnownFileType = sourcecode.swift; path = "Media Utils.swift"; sourceTree = "<group>"; };
		BB4845162B9E22C90015376B /* GlobalLoadingManager.swift */ = {isa = PBXFileReference; lastKnownFileType = sourcecode.swift; path = GlobalLoadingManager.swift; sourceTree = "<group>"; };
		BB502DD02B23AACC003C22DB /* SubredditUtils.swift */ = {isa = PBXFileReference; lastKnownFileType = sourcecode.swift; path = SubredditUtils.swift; sourceTree = "<group>"; };
		BB502DD22B23FD4A003C22DB /* CommentSkipper.swift */ = {isa = PBXFileReference; lastKnownFileType = sourcecode.swift; path = CommentSkipper.swift; sourceTree = "<group>"; };
		BB502DD52B2403D6003C22DB /* Misc Utils.swift */ = {isa = PBXFileReference; lastKnownFileType = sourcecode.swift; path = "Misc Utils.swift"; sourceTree = "<group>"; };
		BB5745692B5321FA00A961C1 /* HTML to MD.swift */ = {isa = PBXFileReference; lastKnownFileType = sourcecode.swift; path = "HTML to MD.swift"; sourceTree = "<group>"; };
		BB57456C2B5322CC00A961C1 /* Artemis MD.swift */ = {isa = PBXFileReference; fileEncoding = 4; lastKnownFileType = sourcecode.swift; path = "Artemis MD.swift"; sourceTree = "<group>"; };
		BB76835F2BBFAE2500792D5A /* TapHighlighter.swift */ = {isa = PBXFileReference; lastKnownFileType = sourcecode.swift; path = TapHighlighter.swift; sourceTree = "<group>"; };
		BB7683622BBFB51F00792D5A /* AnimatedButtonPress.swift */ = {isa = PBXFileReference; lastKnownFileType = sourcecode.swift; path = AnimatedButtonPress.swift; sourceTree = "<group>"; };
		BB8444AD2BA0E2DF00C8B512 /* CollapsibleSectionHeader.swift */ = {isa = PBXFileReference; lastKnownFileType = sourcecode.swift; path = CollapsibleSectionHeader.swift; sourceTree = "<group>"; };
		BB853E6F2B35E3210041150C /* CodableColor.swift */ = {isa = PBXFileReference; lastKnownFileType = sourcecode.swift; path = CodableColor.swift; sourceTree = "<group>"; };
		BB8CAE722B1E735F00CA13BB /* PostPageView.swift */ = {isa = PBXFileReference; fileEncoding = 4; lastKnownFileType = sourcecode.swift; path = PostPageView.swift; sourceTree = "<group>"; };
		BB8CAE772B1E73B600CA13BB /* CommentView.swift */ = {isa = PBXFileReference; fileEncoding = 4; lastKnownFileType = sourcecode.swift; path = CommentView.swift; sourceTree = "<group>"; };
		BB8CAE792B1E73CE00CA13BB /* Comment Utils.swift */ = {isa = PBXFileReference; fileEncoding = 4; lastKnownFileType = sourcecode.swift; path = "Comment Utils.swift"; sourceTree = "<group>"; };
		BB8CAE7B2B1E73D400CA13BB /* TimeFormatter.swift */ = {isa = PBXFileReference; fileEncoding = 4; lastKnownFileType = sourcecode.swift; path = TimeFormatter.swift; sourceTree = "<group>"; };
		BB93194A2B3CDA2C00863302 /* DateSorting.swift */ = {isa = PBXFileReference; lastKnownFileType = sourcecode.swift; path = DateSorting.swift; sourceTree = "<group>"; };
		BBA6FD692B45303C0096242E /* LimitedSet.swift */ = {isa = PBXFileReference; lastKnownFileType = sourcecode.swift; path = LimitedSet.swift; sourceTree = "<group>"; };
		BBACCB3F2B3231E100A9F550 /* TitleTagView.swift */ = {isa = PBXFileReference; lastKnownFileType = sourcecode.swift; path = TitleTagView.swift; sourceTree = "<group>"; };
		BBB101CF2B20154600691B2F /* PostDetailsView.swift */ = {isa = PBXFileReference; lastKnownFileType = sourcecode.swift; path = PostDetailsView.swift; sourceTree = "<group>"; };
		BBB2C0BE2B1AD88E003C8ACC /* OpenArtemis.app */ = {isa = PBXFileReference; explicitFileType = wrapper.application; includeInIndex = 0; path = OpenArtemis.app; sourceTree = BUILT_PRODUCTS_DIR; };
		BBB2C0C52B1AD88F003C8ACC /* Assets.xcassets */ = {isa = PBXFileReference; lastKnownFileType = folder.assetcatalog; path = Assets.xcassets; sourceTree = "<group>"; };
		BBB2C0C82B1AD88F003C8ACC /* Preview Assets.xcassets */ = {isa = PBXFileReference; lastKnownFileType = folder.assetcatalog; path = "Preview Assets.xcassets"; sourceTree = "<group>"; };
		BBB2C0E82B1ADAB1003C8ACC /* OpenArtemisApp.swift */ = {isa = PBXFileReference; lastKnownFileType = sourcecode.swift; path = OpenArtemisApp.swift; sourceTree = "<group>"; };
		BBE4345F2B1BD02F00886CAB /* SubredditDrawerView.swift */ = {isa = PBXFileReference; lastKnownFileType = sourcecode.swift; path = SubredditDrawerView.swift; sourceTree = "<group>"; };
		BBE434622B1BD32B00886CAB /* SectionIndexTitlesView.swift */ = {isa = PBXFileReference; lastKnownFileType = sourcecode.swift; path = SectionIndexTitlesView.swift; sourceTree = "<group>"; };
		BBE434712B1BD6A400886CAB /* String Hex.swift */ = {isa = PBXFileReference; fileEncoding = 4; lastKnownFileType = sourcecode.swift; path = "String Hex.swift"; sourceTree = "<group>"; };
		BBE434742B1BE32300886CAB /* LocalData.xcdatamodel */ = {isa = PBXFileReference; lastKnownFileType = wrapper.xcdatamodel; path = LocalData.xcdatamodel; sourceTree = "<group>"; };
		BBE434762B1BE35F00886CAB /* PersistenceController.swift */ = {isa = PBXFileReference; lastKnownFileType = sourcecode.swift; path = PersistenceController.swift; sourceTree = "<group>"; };
		BBE4347A2B1BF28E00886CAB /* Disabled Modifier.swift */ = {isa = PBXFileReference; lastKnownFileType = sourcecode.swift; path = "Disabled Modifier.swift"; sourceTree = "<group>"; };
		BBE434832B1C0D1900886CAB /* SubredditRowView.swift */ = {isa = PBXFileReference; lastKnownFileType = sourcecode.swift; path = SubredditRowView.swift; sourceTree = "<group>"; };
		BBE434852B1C0E5200886CAB /* DefaultSubredditRowView.swift */ = {isa = PBXFileReference; lastKnownFileType = sourcecode.swift; path = DefaultSubredditRowView.swift; sourceTree = "<group>"; };
		BBEB46DF2B32812100C33D33 /* DividerView.swift */ = {isa = PBXFileReference; fileEncoding = 4; lastKnownFileType = sourcecode.swift; path = DividerView.swift; sourceTree = "<group>"; };
		BBEB46E22B34999B00C33D33 /* ScrapeSearch.swift */ = {isa = PBXFileReference; lastKnownFileType = sourcecode.swift; path = ScrapeSearch.swift; sourceTree = "<group>"; };
		BBEC22D62BC7793B000CFEE8 /* HeadlessWebManager.swift */ = {isa = PBXFileReference; lastKnownFileType = sourcecode.swift; path = HeadlessWebManager.swift; sourceTree = "<group>"; };
		BBECC0E02B44E30D002FD4B9 /* ContentListView.swift */ = {isa = PBXFileReference; lastKnownFileType = sourcecode.swift; path = ContentListView.swift; sourceTree = "<group>"; };
		BBF5A0AD2B429279000B3E75 /* NothingHereView.swift */ = {isa = PBXFileReference; lastKnownFileType = sourcecode.swift; path = NothingHereView.swift; sourceTree = "<group>"; };
		BBF5A0AF2B43C1E7000B3E75 /* ReadModifier.swift */ = {isa = PBXFileReference; lastKnownFileType = sourcecode.swift; path = ReadModifier.swift; sourceTree = "<group>"; };
/* End PBXFileReference section */

/* Begin PBXFrameworksBuildPhase section */
		65D3DBD12B1B555200BCCD38 /* Frameworks */ = {
			isa = PBXFrameworksBuildPhase;
			buildActionMask = 2147483647;
			files = (
			);
			runOnlyForDeploymentPostprocessing = 0;
		};
		BBB2C0BB2B1AD88E003C8ACC /* Frameworks */ = {
			isa = PBXFrameworksBuildPhase;
			buildActionMask = 2147483647;
			files = (
				65D3DBAF2B1B1AFA00BCCD38 /* Defaults in Frameworks */,
				BBCACEF22C3ECC6500D06796 /* MarkdownUI in Frameworks */,
				BB48451A2B9E32980015376B /* AlertToast in Frameworks */,
				BBB693302B420C550094DFEE /* OpenGraph in Frameworks */,
				BBB2C0DF2B1AD939003C8ACC /* CachedImage in Frameworks */,
				BBB2C0E72B1AD9A7003C8ACC /* SwiftSoup in Frameworks */,
				65AD50B12B1E2725008B39E9 /* LazyPager in Frameworks */,
			);
			runOnlyForDeploymentPostprocessing = 0;
		};
/* End PBXFrameworksBuildPhase section */

/* Begin PBXGroup section */
		1AAF1ED22CDC0A2D003E08EB /* Styles */ = {
			isa = PBXGroup;
			children = (
				1AAF1ED32CDC0A32003E08EB /* FixAlertForMacOSStyle.swift */,
			);
			path = Styles;
			sourceTree = "<group>";
		};
		6504FCA52B247A1400598EFF /* Privacy */ = {
			isa = PBXGroup;
			children = (
				652E2AA62B25B19C0075911F /* PrivacyTab.swift */,
			);
			path = Privacy;
			sourceTree = "<group>";
		};
		653245BB2B2AF5C000227019 /* OnboardingViews */ = {
			isa = PBXGroup;
			children = (
				653245C02B2AF5D500227019 /* OnboardingView.swift */,
				653245BC2B2AF5D500227019 /* OOBE_PrivacySelector.swift */,
				653245BD2B2AF5D500227019 /* OOBE_SubsImporter.swift */,
				653245BF2B2AF5D500227019 /* OOBE_WelcomeView.swift */,
				653245BE2B2AF5D500227019 /* StarsBlinkingView.swift */,
			);
			path = OnboardingViews;
			sourceTree = "<group>";
		};
		6535AC012B4563A100E6A2DD /* Images */ = {
			isa = PBXGroup;
			children = (
				6535AC022B4563AC00E6A2DD /* LiveTextInteraction.swift */,
			);
			path = Images;
			sourceTree = "<group>";
		};
		65A3329D2B1DED5500421162 /* ImageViewer */ = {
			isa = PBXGroup;
			children = (
				65AD50B22B1E38B9008B39E9 /* ImageViewController.swift */,
			);
			path = ImageViewer;
			sourceTree = "<group>";
		};
		65D3DBB42B1B1F1400BCCD38 /* Components */ = {
			isa = PBXGroup;
			children = (
				BB7683612BBFB50A00792D5A /* Animated Buttons */,
				65A332992B1DDD2F00421162 /* Toaster.swift */,
				BBE434712B1BD6A400886CAB /* String Hex.swift */,
				65D3DBB52B1B1F2200BCCD38 /* LoadingView.swift */,
				65EFE4082B1CBCAA00517EBE /* ImportURLSheet.swift */,
				652E2AA82B25B1F10075911F /* HeroBox.swift */,
				BB853E6F2B35E3210041150C /* CodableColor.swift */,
				BBF5A0AD2B429279000B3E75 /* NothingHereView.swift */,
			);
			path = Components;
			sourceTree = "<group>";
		};
		65D3DBB72B1B20E100BCCD38 /* Settings */ = {
			isa = PBXGroup;
			children = (
				65D3DBB82B1B20ED00BCCD38 /* SettingsView.swift */,
				65D3DBBF2B1B252300BCCD38 /* ChangeAppIconView.swift */,
				BB2B1F272B96462000653677 /* TextSizeAdjustmentView.swift */,
				BB34B3452BC0BCB700A49859 /* CommentThemeView.swift */,
			);
			path = Settings;
			sourceTree = "<group>";
		};
		65D3DBC92B1B3DA000BCCD38 /* Privacy */ = {
			isa = PBXGroup;
			children = (
				65D3DBCA2B1B3DAC00BCCD38 /* PrivacyURL.swift */,
				65D3DBCE2B1B52EF00BCCD38 /* RemoveTrackingParams.swift */,
			);
			path = Privacy;
			sourceTree = "<group>";
		};
		65D3DBD52B1B555200BCCD38 /* OpenArtemisTests */ = {
			isa = PBXGroup;
			children = (
				65D3DBD62B1B555200BCCD38 /* OpenArtemisTests.swift */,
				65D3DBDD2B1B569000BCCD38 /* PrivacyTests.swift */,
			);
			path = OpenArtemisTests;
			sourceTree = "<group>";
		};
		BB0556912B3BAF0F00BB71F1 /* Profiles */ = {
			isa = PBXGroup;
			children = (
				BB0556922B3BAF1E00BB71F1 /* ProfileView.swift */,
			);
			path = Profiles;
			sourceTree = "<group>";
		};
		BB3387012B2C171200EF4D5C /* Themes */ = {
			isa = PBXGroup;
			children = (
				BB3387022B2C171C00EF4D5C /* Theme Wrappers.swift */,
			);
			path = Themes;
			sourceTree = "<group>";
		};
		BB391F9C2B1ADCC00014FB18 /* Views */ = {
			isa = PBXGroup;
			children = (
				6535AC012B4563A100E6A2DD /* Images */,
				BB0556912B3BAF0F00BB71F1 /* Profiles */,
				BBEB46E12B34981300C33D33 /* Search */,
				BB3387012B2C171200EF4D5C /* Themes */,
				653245BB2B2AF5C000227019 /* OnboardingViews */,
				6504FCA52B247A1400598EFF /* Privacy */,
				BBE434822B1C0D0000886CAB /* Favorites Drawer */,
				65D3DBB72B1B20E100BCCD38 /* Settings */,
				BB391FA02B1ADD030014FB18 /* Subreddits */,
				BB391F9D2B1ADCCC0014FB18 /* Posts */,
			);
			path = Views;
			sourceTree = "<group>";
		};
		BB391F9D2B1ADCCC0014FB18 /* Posts */ = {
			isa = PBXGroup;
			children = (
				BBB101D12B20163700691B2F /* Post Tags */,
				BB8CAE762B1E73AF00CA13BB /* Comments */,
				BB8CAE722B1E735F00CA13BB /* PostPageView.swift */,
				BB391FB32B1ADDE70014FB18 /* PostFeedView.swift */,
				BB391FA92B1ADD700014FB18 /* Media */,
			);
			path = Posts;
			sourceTree = "<group>";
		};
		BB391FA02B1ADD030014FB18 /* Subreddits */ = {
			isa = PBXGroup;
			children = (
				BBEB46DF2B32812100C33D33 /* DividerView.swift */,
				BB391F9E2B1ADCDB0014FB18 /* SubredditFeedView.swift */,
				BBECC0E02B44E30D002FD4B9 /* ContentListView.swift */,
			);
			path = Subreddits;
			sourceTree = "<group>";
		};
		BB391FA92B1ADD700014FB18 /* Media */ = {
			isa = PBXGroup;
			children = (
				BB391FAE2B1ADDAA0014FB18 /* Media View Controllers */,
				BB391FAC2B1ADDA00014FB18 /* MediaView.swift */,
				BB391FAA2B1ADD9B0014FB18 /* EmbeddedMultiMediaView.swift */,
			);
			path = Media;
			sourceTree = "<group>";
		};
		BB391FAE2B1ADDAA0014FB18 /* Media View Controllers */ = {
			isa = PBXGroup;
			children = (
				65A3329D2B1DED5500421162 /* ImageViewer */,
				BB391FB02B1ADDB00014FB18 /* VideoPlayerViewController.swift */,
			);
			path = "Media View Controllers";
			sourceTree = "<group>";
		};
		BB391FB52B1ADE0B0014FB18 /* Scrape */ = {
			isa = PBXGroup;
			children = (
				65F595972B1F116F005BE493 /* ScrapeSubreddit.swift */,
				65F595992B1F1195005BE493 /* ScrapePostMedia.swift */,
				BBEB46E22B34999B00C33D33 /* ScrapeSearch.swift */,
				BB0556942B3BAF8400BB71F1 /* ScrapeProfile.swift */,
				BBEC22D62BC7793B000CFEE8 /* HeadlessWebManager.swift */,
			);
			path = Scrape;
			sourceTree = "<group>";
		};
		BB391FB82B1ADE3D0014FB18 /* Utilities */ = {
			isa = PBXGroup;
			children = (
				1AAF1ED22CDC0A2D003E08EB /* Styles */,
				BB57456B2B5322BE00A961C1 /* Markdown */,
				BBA6FD692B45303C0096242E /* LimitedSet.swift */,
				BB502DCF2B23AABA003C22DB /* Subreddit Utils */,
				BBE434672B1BD4D900886CAB /* App Storage */,
				65D3DBC92B1B3DA000BCCD38 /* Privacy */,
				BB391FBF2B1ADE670014FB18 /* Post Utils */,
				BB391FBE2B1ADE600014FB18 /* Navigation */,
				BB391FBD2B1ADE560014FB18 /* Modifiers */,
				BB391FB92B1ADE470014FB18 /* App Consts.swift */,
				BB391FBB2B1ADE4E0014FB18 /* PresentSafari.swift */,
				65D3DBC72B1B296E00BCCD38 /* AppIconManager.swift */,
				65BE32262B1CE91E00DBC067 /* FormatBigNumbers.swift */,
				65A332922B1DCDCD00421162 /* SubredditIOManager.swift */,
				65F5959D2B1F3A54005BE493 /* HapticManager.swift */,
				65F5959F2B1F3A69005BE493 /* GestureActions.swift */,
				BB93194A2B3CDA2C00863302 /* DateSorting.swift */,
				BB4845162B9E22C90015376B /* GlobalLoadingManager.swift */,
			);
			path = Utilities;
			sourceTree = "<group>";
		};
		BB391FBD2B1ADE560014FB18 /* Modifiers */ = {
			isa = PBXGroup;
			children = (
				BB2B1F2C2B96873F00653677 /* increaseHitboxBy.swift */,
				65D3DBBB2B1B212800BCCD38 /* Defaults.swift */,
				BB391FC02B1ADE700014FB18 /* Loading Modifiers.swift */,
				BB391FC12B1ADE700014FB18 /* SizeModifier.swift */,
				65D3DBBD2B1B228300BCCD38 /* ThemeColors.swift */,
				65D3DBCC2B1B4DCF00BCCD38 /* MediaURL.swift */,
				BBE4347A2B1BF28E00886CAB /* Disabled Modifier.swift */,
				65EFE40A2B1CC37F00517EBE /* If.swift */,
				65F5959B2B1F188B005BE493 /* ColorFromHex.swift */,
				65D7E8552B23755A003FF5B5 /* SavedModifier.swift */,
				BB502DD22B23FD4A003C22DB /* CommentSkipper.swift */,
				BBF5A0AF2B43C1E7000B3E75 /* ReadModifier.swift */,
			);
			path = Modifiers;
			sourceTree = "<group>";
		};
		BB391FBE2B1ADE600014FB18 /* Navigation */ = {
			isa = PBXGroup;
			children = (
				BB05568E2B367B2C00BB71F1 /* NavigationStackWrapper.swift */,
				BB391FC62B1ADE790014FB18 /* NavCoordinator.swift */,
				BB391FC42B1ADE790014FB18 /* NavInjector.swift */,
				BB391FC52B1ADE790014FB18 /* NavPayloads.swift */,
			);
			path = Navigation;
			sourceTree = "<group>";
		};
		BB391FBF2B1ADE670014FB18 /* Post Utils */ = {
			isa = PBXGroup;
			children = (
				BB8CAE7B2B1E73D400CA13BB /* TimeFormatter.swift */,
				BB8CAE792B1E73CE00CA13BB /* Comment Utils.swift */,
				BB391FCB2B1ADE850014FB18 /* Media Utils.swift */,
				BB391FCA2B1ADE850014FB18 /* Post Utils.swift */,
				BB502DD52B2403D6003C22DB /* Misc Utils.swift */,
			);
			path = "Post Utils";
			sourceTree = "<group>";
		};
		BB48451B2B9E32B60015376B /* Frameworks */ = {
			isa = PBXGroup;
			children = (
			);
			name = Frameworks;
			sourceTree = "<group>";
		};
		BB502DCF2B23AABA003C22DB /* Subreddit Utils */ = {
			isa = PBXGroup;
			children = (
				BB502DD02B23AACC003C22DB /* SubredditUtils.swift */,
			);
			path = "Subreddit Utils";
			sourceTree = "<group>";
		};
		BB57456B2B5322BE00A961C1 /* Markdown */ = {
			isa = PBXGroup;
			children = (
				BB5745692B5321FA00A961C1 /* HTML to MD.swift */,
				BB57456C2B5322CC00A961C1 /* Artemis MD.swift */,
			);
			path = Markdown;
			sourceTree = "<group>";
		};
		BB7683612BBFB50A00792D5A /* Animated Buttons */ = {
			isa = PBXGroup;
			children = (
				BB76835F2BBFAE2500792D5A /* TapHighlighter.swift */,
				BB7683622BBFB51F00792D5A /* AnimatedButtonPress.swift */,
			);
			path = "Animated Buttons";
			sourceTree = "<group>";
		};
		BB8CAE762B1E73AF00CA13BB /* Comments */ = {
			isa = PBXGroup;
			children = (
				BB8CAE772B1E73B600CA13BB /* CommentView.swift */,
			);
			path = Comments;
			sourceTree = "<group>";
		};
		BBB101D12B20163700691B2F /* Post Tags */ = {
			isa = PBXGroup;
			children = (
				BB391FA52B1ADD540014FB18 /* DetailTagView.swift */,
				BBB101CF2B20154600691B2F /* PostDetailsView.swift */,
				BBACCB3F2B3231E100A9F550 /* TitleTagView.swift */,
			);
			path = "Post Tags";
			sourceTree = "<group>";
		};
		BBB2C0B52B1AD88D003C8ACC = {
			isa = PBXGroup;
			children = (
				BBB2C0C02B1AD88E003C8ACC /* OpenArtemis */,
				65D3DBD52B1B555200BCCD38 /* OpenArtemisTests */,
				BBB2C0BF2B1AD88E003C8ACC /* Products */,
				BB48451B2B9E32B60015376B /* Frameworks */,
			);
			sourceTree = "<group>";
		};
		BBB2C0BF2B1AD88E003C8ACC /* Products */ = {
			isa = PBXGroup;
			children = (
				BBB2C0BE2B1AD88E003C8ACC /* OpenArtemis.app */,
				65D3DBD42B1B555200BCCD38 /* OpenArtemisTests.xctest */,
			);
			name = Products;
			sourceTree = "<group>";
		};
		BBB2C0C02B1AD88E003C8ACC /* OpenArtemis */ = {
			isa = PBXGroup;
			children = (
				6539284B2B1C7A2700D5062F /* OpenArtemis.entitlements */,
				6573F9342B1B710A00859D2C /* Info.plist */,
				65D3DBB42B1B1F1400BCCD38 /* Components */,
				BB391FB82B1ADE3D0014FB18 /* Utilities */,
				BB391FB52B1ADE0B0014FB18 /* Scrape */,
				BB391F9C2B1ADCC00014FB18 /* Views */,
				BBB2C0E82B1ADAB1003C8ACC /* OpenArtemisApp.swift */,
				65D3DBB12B1B1C0300BCCD38 /* AppDelegate.swift */,
				BBB2C0C52B1AD88F003C8ACC /* Assets.xcassets */,
				BBB2C0C72B1AD88F003C8ACC /* Preview Content */,
			);
			path = OpenArtemis;
			sourceTree = "<group>";
		};
		BBB2C0C72B1AD88F003C8ACC /* Preview Content */ = {
			isa = PBXGroup;
			children = (
				BBB2C0C82B1AD88F003C8ACC /* Preview Assets.xcassets */,
			);
			path = "Preview Content";
			sourceTree = "<group>";
		};
		BBE434672B1BD4D900886CAB /* App Storage */ = {
			isa = PBXGroup;
			children = (
				BBE434732B1BE32300886CAB /* LocalData.xcdatamodeld */,
				BBE434762B1BE35F00886CAB /* PersistenceController.swift */,
			);
			path = "App Storage";
			sourceTree = "<group>";
		};
		BBE434822B1C0D0000886CAB /* Favorites Drawer */ = {
			isa = PBXGroup;
			children = (
				BBE434622B1BD32B00886CAB /* SectionIndexTitlesView.swift */,
				BBE434832B1C0D1900886CAB /* SubredditRowView.swift */,
				BBE434852B1C0E5200886CAB /* DefaultSubredditRowView.swift */,
				65D7E84E2B234B4F003FF5B5 /* SavedView.swift */,
				BBE4345F2B1BD02F00886CAB /* SubredditDrawerView.swift */,
				BB38FC5D2B991DCE002994F1 /* DefaultFavoritesView.swift */,
				BB8444AD2BA0E2DF00C8B512 /* CollapsibleSectionHeader.swift */,
			);
			path = "Favorites Drawer";
			sourceTree = "<group>";
		};
		BBEB46E12B34981300C33D33 /* Search */ = {
			isa = PBXGroup;
			children = (
				BB391FA22B1ADD140014FB18 /* SearchView.swift */,
			);
			path = Search;
			sourceTree = "<group>";
		};
/* End PBXGroup section */

/* Begin PBXNativeTarget section */
		65D3DBD32B1B555200BCCD38 /* OpenArtemisTests */ = {
			isa = PBXNativeTarget;
			buildConfigurationList = 65D3DBDA2B1B555200BCCD38 /* Build configuration list for PBXNativeTarget "OpenArtemisTests" */;
			buildPhases = (
				65D3DBD02B1B555200BCCD38 /* Sources */,
				65D3DBD12B1B555200BCCD38 /* Frameworks */,
				65D3DBD22B1B555200BCCD38 /* Resources */,
			);
			buildRules = (
			);
			dependencies = (
				65D3DBD92B1B555200BCCD38 /* PBXTargetDependency */,
			);
			name = OpenArtemisTests;
			productName = OpenArtemisTests;
			productReference = 65D3DBD42B1B555200BCCD38 /* OpenArtemisTests.xctest */;
			productType = "com.apple.product-type.bundle.unit-test";
		};
		BBB2C0BD2B1AD88E003C8ACC /* OpenArtemis */ = {
			isa = PBXNativeTarget;
			buildConfigurationList = BBB2C0CC2B1AD88F003C8ACC /* Build configuration list for PBXNativeTarget "OpenArtemis" */;
			buildPhases = (
				BBB2C0BA2B1AD88E003C8ACC /* Sources */,
				BBB2C0BB2B1AD88E003C8ACC /* Frameworks */,
				BBB2C0BC2B1AD88E003C8ACC /* Resources */,
			);
			buildRules = (
			);
			dependencies = (
			);
			name = OpenArtemis;
			packageProductDependencies = (
				BBB2C0DE2B1AD939003C8ACC /* CachedImage */,
				BBB2C0E62B1AD9A7003C8ACC /* SwiftSoup */,
				65D3DBAE2B1B1AFA00BCCD38 /* Defaults */,
				65AD50B02B1E2725008B39E9 /* LazyPager */,
				BBB6932F2B420C550094DFEE /* OpenGraph */,
				BB4845192B9E32980015376B /* AlertToast */,
				BBCACEF12C3ECC6500D06796 /* MarkdownUI */,
			);
			productName = OpenArtemis;
			productReference = BBB2C0BE2B1AD88E003C8ACC /* OpenArtemis.app */;
			productType = "com.apple.product-type.application";
		};
/* End PBXNativeTarget section */

/* Begin PBXProject section */
		BBB2C0B62B1AD88D003C8ACC /* Project object */ = {
			isa = PBXProject;
			attributes = {
				BuildIndependentTargetsInParallel = 1;
				LastSwiftUpdateCheck = 1500;
				LastUpgradeCheck = 1500;
				TargetAttributes = {
					65D3DBD32B1B555200BCCD38 = {
						CreatedOnToolsVersion = 15.0.1;
						TestTargetID = BBB2C0BD2B1AD88E003C8ACC;
					};
					BBB2C0BD2B1AD88E003C8ACC = {
						CreatedOnToolsVersion = 15.0;
					};
				};
			};
			buildConfigurationList = BBB2C0B92B1AD88D003C8ACC /* Build configuration list for PBXProject "OpenArtemis" */;
			compatibilityVersion = "Xcode 14.0";
			developmentRegion = en;
			hasScannedForEncodings = 0;
			knownRegions = (
				en,
				Base,
			);
			mainGroup = BBB2C0B52B1AD88D003C8ACC;
			packageReferences = (
				BBB2C0DD2B1AD939003C8ACC /* XCRemoteSwiftPackageReference "CachedImage" */,
				BBB2C0E22B1AD99C003C8ACC /* XCRemoteSwiftPackageReference "SKPhotoBrowser" */,
				BBB2C0E52B1AD9A7003C8ACC /* XCRemoteSwiftPackageReference "SwiftSoup" */,
				65D3DBAD2B1B1AFA00BCCD38 /* XCRemoteSwiftPackageReference "Defaults" */,
				65AD50AF2B1E2725008B39E9 /* XCRemoteSwiftPackageReference "LazyPager" */,
				BB322CB52B26BF5000FC5849 /* XCRemoteSwiftPackageReference "SwiftHTMLToMarkdown" */,
				BB322CB82B26C0A300FC5849 /* XCRemoteSwiftPackageReference "swift-markdown-ui" */,
				BBB6932E2B420C550094DFEE /* XCRemoteSwiftPackageReference "OpenGraph" */,
				BB4845182B9E32980015376B /* XCRemoteSwiftPackageReference "AlertToast" */,
			);
			productRefGroup = BBB2C0BF2B1AD88E003C8ACC /* Products */;
			projectDirPath = "";
			projectRoot = "";
			targets = (
				BBB2C0BD2B1AD88E003C8ACC /* OpenArtemis */,
				65D3DBD32B1B555200BCCD38 /* OpenArtemisTests */,
			);
		};
/* End PBXProject section */

/* Begin PBXResourcesBuildPhase section */
		65D3DBD22B1B555200BCCD38 /* Resources */ = {
			isa = PBXResourcesBuildPhase;
			buildActionMask = 2147483647;
			files = (
			);
			runOnlyForDeploymentPostprocessing = 0;
		};
		BBB2C0BC2B1AD88E003C8ACC /* Resources */ = {
			isa = PBXResourcesBuildPhase;
			buildActionMask = 2147483647;
			files = (
				BBB2C0C92B1AD88F003C8ACC /* Preview Assets.xcassets in Resources */,
				BBB2C0C62B1AD88F003C8ACC /* Assets.xcassets in Resources */,
			);
			runOnlyForDeploymentPostprocessing = 0;
		};
/* End PBXResourcesBuildPhase section */

/* Begin PBXSourcesBuildPhase section */
		65D3DBD02B1B555200BCCD38 /* Sources */ = {
			isa = PBXSourcesBuildPhase;
			buildActionMask = 2147483647;
			files = (
				65D3DBDE2B1B569000BCCD38 /* PrivacyTests.swift in Sources */,
				65D3DBD72B1B555200BCCD38 /* OpenArtemisTests.swift in Sources */,
			);
			runOnlyForDeploymentPostprocessing = 0;
		};
		BBB2C0BA2B1AD88E003C8ACC /* Sources */ = {
			isa = PBXSourcesBuildPhase;
			buildActionMask = 2147483647;
			files = (
				BB391FC22B1ADE700014FB18 /* Loading Modifiers.swift in Sources */,
				BBEC22D72BC7793B000CFEE8 /* HeadlessWebManager.swift in Sources */,
				BBE434842B1C0D1900886CAB /* SubredditRowView.swift in Sources */,
				65D3DBB92B1B20ED00BCCD38 /* SettingsView.swift in Sources */,
				65F5959A2B1F1195005BE493 /* ScrapePostMedia.swift in Sources */,
				BB8CAE7C2B1E73D400CA13BB /* TimeFormatter.swift in Sources */,
				BB0556952B3BAF8400BB71F1 /* ScrapeProfile.swift in Sources */,
				BB7683602BBFAE2500792D5A /* TapHighlighter.swift in Sources */,
				BB8CAE732B1E735F00CA13BB /* PostPageView.swift in Sources */,
				BB391FA42B1ADD140014FB18 /* SearchView.swift in Sources */,
				653245C32B2AF5D500227019 /* StarsBlinkingView.swift in Sources */,
				65D3DBCD2B1B4DCF00BCCD38 /* MediaURL.swift in Sources */,
				BB502DD62B2403D6003C22DB /* Misc Utils.swift in Sources */,
				BBEB46E02B32812100C33D33 /* DividerView.swift in Sources */,
				BBF5A0B02B43C1E7000B3E75 /* ReadModifier.swift in Sources */,
				BB853E702B35E3210041150C /* CodableColor.swift in Sources */,
				BB391FBA2B1ADE470014FB18 /* App Consts.swift in Sources */,
				BB391FA62B1ADD540014FB18 /* DetailTagView.swift in Sources */,
				1AAF1ED42CDC0A35003E08EB /* FixAlertForMacOSStyle.swift in Sources */,
				BBACCB402B3231E100A9F550 /* TitleTagView.swift in Sources */,
				BB391FCD2B1ADE850014FB18 /* Media Utils.swift in Sources */,
				65A3329A2B1DDD2F00421162 /* Toaster.swift in Sources */,
				BB502DD32B23FD4A003C22DB /* CommentSkipper.swift in Sources */,
				BB93194B2B3CDA2C00863302 /* DateSorting.swift in Sources */,
				BBB2C0E92B1ADAB1003C8ACC /* OpenArtemisApp.swift in Sources */,
				BB57456A2B5321FA00A961C1 /* HTML to MD.swift in Sources */,
				BB391FBC2B1ADE4E0014FB18 /* PresentSafari.swift in Sources */,
				BB391FC32B1ADE700014FB18 /* SizeModifier.swift in Sources */,
				6535AC032B4563AC00E6A2DD /* LiveTextInteraction.swift in Sources */,
				653245C12B2AF5D500227019 /* OOBE_PrivacySelector.swift in Sources */,
				BB57456D2B5322CC00A961C1 /* Artemis MD.swift in Sources */,
				65D3DBBC2B1B212800BCCD38 /* Defaults.swift in Sources */,
				BBF5A0AE2B429279000B3E75 /* NothingHereView.swift in Sources */,
				653245C52B2AF5D500227019 /* OnboardingView.swift in Sources */,
				65F5959E2B1F3A54005BE493 /* HapticManager.swift in Sources */,
				BB4845172B9E22C90015376B /* GlobalLoadingManager.swift in Sources */,
				65D3DBC82B1B296E00BCCD38 /* AppIconManager.swift in Sources */,
				BB391FB42B1ADDE70014FB18 /* PostFeedView.swift in Sources */,
				BB391FAD2B1ADDA00014FB18 /* MediaView.swift in Sources */,
				65D3DBBE2B1B228300BCCD38 /* ThemeColors.swift in Sources */,
				653245C22B2AF5D500227019 /* OOBE_SubsImporter.swift in Sources */,
				BB391F9F2B1ADCDB0014FB18 /* SubredditFeedView.swift in Sources */,
				BB05568F2B367B2C00BB71F1 /* NavigationStackWrapper.swift in Sources */,
				65EFE40B2B1CC37F00517EBE /* If.swift in Sources */,
				BBE434602B1BD02F00886CAB /* SubredditDrawerView.swift in Sources */,
				65AD50B32B1E38B9008B39E9 /* ImageViewController.swift in Sources */,
				BB8CAE7A2B1E73CE00CA13BB /* Comment Utils.swift in Sources */,
				65D3DBCB2B1B3DAC00BCCD38 /* PrivacyURL.swift in Sources */,
				65D3DBC02B1B252300BCCD38 /* ChangeAppIconView.swift in Sources */,
				BB391FC72B1ADE790014FB18 /* NavInjector.swift in Sources */,
				BB0556932B3BAF1E00BB71F1 /* ProfileView.swift in Sources */,
				65D7E84F2B234B4F003FF5B5 /* SavedView.swift in Sources */,
				BB391FB22B1ADDB00014FB18 /* VideoPlayerViewController.swift in Sources */,
				BB2B1F282B96462000653677 /* TextSizeAdjustmentView.swift in Sources */,
				65BE32272B1CE91E00DBC067 /* FormatBigNumbers.swift in Sources */,
				65F595A02B1F3A69005BE493 /* GestureActions.swift in Sources */,
				65EFE4092B1CBCAA00517EBE /* ImportURLSheet.swift in Sources */,
				BBB101D02B20154600691B2F /* PostDetailsView.swift in Sources */,
				BBECC0E12B44E30D002FD4B9 /* ContentListView.swift in Sources */,
				BB391FC92B1ADE790014FB18 /* NavCoordinator.swift in Sources */,
				BB391FAB2B1ADD9B0014FB18 /* EmbeddedMultiMediaView.swift in Sources */,
				BB502DD12B23AACC003C22DB /* SubredditUtils.swift in Sources */,
				BBE4347B2B1BF28E00886CAB /* Disabled Modifier.swift in Sources */,
				65D7E8562B23755A003FF5B5 /* SavedModifier.swift in Sources */,
				BB38FC5E2B991DCE002994F1 /* DefaultFavoritesView.swift in Sources */,
				65D3DBB62B1B1F2200BCCD38 /* LoadingView.swift in Sources */,
				BBE434772B1BE35F00886CAB /* PersistenceController.swift in Sources */,
				BB3387032B2C171C00EF4D5C /* Theme Wrappers.swift in Sources */,
				BB391FC82B1ADE790014FB18 /* NavPayloads.swift in Sources */,
				BBEB46E32B34999B00C33D33 /* ScrapeSearch.swift in Sources */,
				BBE434862B1C0E5200886CAB /* DefaultSubredditRowView.swift in Sources */,
				65F5959C2B1F188B005BE493 /* ColorFromHex.swift in Sources */,
				65D3DBCF2B1B52EF00BCCD38 /* RemoveTrackingParams.swift in Sources */,
				BB2B1F2D2B96873F00653677 /* increaseHitboxBy.swift in Sources */,
				BBE434752B1BE32300886CAB /* LocalData.xcdatamodeld in Sources */,
				65A332932B1DCDCD00421162 /* SubredditIOManager.swift in Sources */,
				BB8444AE2BA0E2DF00C8B512 /* CollapsibleSectionHeader.swift in Sources */,
				BB8CAE782B1E73B600CA13BB /* CommentView.swift in Sources */,
				BB7683632BBFB51F00792D5A /* AnimatedButtonPress.swift in Sources */,
				652E2AA92B25B1F10075911F /* HeroBox.swift in Sources */,
				652E2AA72B25B19C0075911F /* PrivacyTab.swift in Sources */,
				BB34B3462BC0BCB700A49859 /* CommentThemeView.swift in Sources */,
				65D3DBB22B1B1C0300BCCD38 /* AppDelegate.swift in Sources */,
				65F595982B1F116F005BE493 /* ScrapeSubreddit.swift in Sources */,
				BBA6FD6A2B45303C0096242E /* LimitedSet.swift in Sources */,
				653245C42B2AF5D500227019 /* OOBE_WelcomeView.swift in Sources */,
				BB391FCC2B1ADE850014FB18 /* Post Utils.swift in Sources */,
				BBE434632B1BD32B00886CAB /* SectionIndexTitlesView.swift in Sources */,
				BBE434722B1BD6A400886CAB /* String Hex.swift in Sources */,
			);
			runOnlyForDeploymentPostprocessing = 0;
		};
/* End PBXSourcesBuildPhase section */

/* Begin PBXTargetDependency section */
		65D3DBD92B1B555200BCCD38 /* PBXTargetDependency */ = {
			isa = PBXTargetDependency;
			target = BBB2C0BD2B1AD88E003C8ACC /* OpenArtemis */;
			targetProxy = 65D3DBD82B1B555200BCCD38 /* PBXContainerItemProxy */;
		};
/* End PBXTargetDependency section */

/* Begin XCBuildConfiguration section */
		65D3DBDB2B1B555200BCCD38 /* Debug */ = {
			isa = XCBuildConfiguration;
			buildSettings = {
				BUNDLE_LOADER = "$(TEST_HOST)";
				CODE_SIGN_STYLE = Automatic;
				CURRENT_PROJECT_VERSION = 1;
				DEVELOPMENT_TEAM = 2Q775S63Q3;
				GENERATE_INFOPLIST_FILE = YES;
				MARKETING_VERSION = 1.0;
				PRODUCT_BUNDLE_IDENTIFIER = com.ethanbills.OpenArtemisTests;
				PRODUCT_NAME = "$(TARGET_NAME)";
				SWIFT_EMIT_LOC_STRINGS = NO;
				SWIFT_VERSION = 5.0;
				TARGETED_DEVICE_FAMILY = "1,2";
				TEST_HOST = "$(BUILT_PRODUCTS_DIR)/OpenArtemis.app/$(BUNDLE_EXECUTABLE_FOLDER_PATH)/OpenArtemis";
			};
			name = Debug;
		};
		65D3DBDC2B1B555200BCCD38 /* Release */ = {
			isa = XCBuildConfiguration;
			buildSettings = {
				BUNDLE_LOADER = "$(TEST_HOST)";
				CODE_SIGN_STYLE = Automatic;
				CURRENT_PROJECT_VERSION = 1;
				DEVELOPMENT_TEAM = 2Q775S63Q3;
				GENERATE_INFOPLIST_FILE = YES;
				MARKETING_VERSION = 1.0;
				PRODUCT_BUNDLE_IDENTIFIER = com.ethanbills.OpenArtemisTests;
				PRODUCT_NAME = "$(TARGET_NAME)";
				SWIFT_EMIT_LOC_STRINGS = NO;
				SWIFT_VERSION = 5.0;
				TARGETED_DEVICE_FAMILY = "1,2";
				TEST_HOST = "$(BUILT_PRODUCTS_DIR)/OpenArtemis.app/$(BUNDLE_EXECUTABLE_FOLDER_PATH)/OpenArtemis";
			};
			name = Release;
		};
		BBB2C0CA2B1AD88F003C8ACC /* Debug */ = {
			isa = XCBuildConfiguration;
			buildSettings = {
				ALWAYS_SEARCH_USER_PATHS = NO;
				ASSETCATALOG_COMPILER_GENERATE_SWIFT_ASSET_SYMBOL_EXTENSIONS = YES;
				CLANG_ANALYZER_NONNULL = YES;
				CLANG_ANALYZER_NUMBER_OBJECT_CONVERSION = YES_AGGRESSIVE;
				CLANG_CXX_LANGUAGE_STANDARD = "gnu++20";
				CLANG_ENABLE_MODULES = YES;
				CLANG_ENABLE_OBJC_ARC = YES;
				CLANG_ENABLE_OBJC_WEAK = YES;
				CLANG_WARN_BLOCK_CAPTURE_AUTORELEASING = YES;
				CLANG_WARN_BOOL_CONVERSION = YES;
				CLANG_WARN_COMMA = YES;
				CLANG_WARN_CONSTANT_CONVERSION = YES;
				CLANG_WARN_DEPRECATED_OBJC_IMPLEMENTATIONS = YES;
				CLANG_WARN_DIRECT_OBJC_ISA_USAGE = YES_ERROR;
				CLANG_WARN_DOCUMENTATION_COMMENTS = YES;
				CLANG_WARN_EMPTY_BODY = YES;
				CLANG_WARN_ENUM_CONVERSION = YES;
				CLANG_WARN_INFINITE_RECURSION = YES;
				CLANG_WARN_INT_CONVERSION = YES;
				CLANG_WARN_NON_LITERAL_NULL_CONVERSION = YES;
				CLANG_WARN_OBJC_IMPLICIT_RETAIN_SELF = YES;
				CLANG_WARN_OBJC_LITERAL_CONVERSION = YES;
				CLANG_WARN_OBJC_ROOT_CLASS = YES_ERROR;
				CLANG_WARN_QUOTED_INCLUDE_IN_FRAMEWORK_HEADER = YES;
				CLANG_WARN_RANGE_LOOP_ANALYSIS = YES;
				CLANG_WARN_STRICT_PROTOTYPES = YES;
				CLANG_WARN_SUSPICIOUS_MOVE = YES;
				CLANG_WARN_UNGUARDED_AVAILABILITY = YES_AGGRESSIVE;
				CLANG_WARN_UNREACHABLE_CODE = YES;
				CLANG_WARN__DUPLICATE_METHOD_MATCH = YES;
				COPY_PHASE_STRIP = NO;
				DEBUG_INFORMATION_FORMAT = dwarf;
				ENABLE_STRICT_OBJC_MSGSEND = YES;
				ENABLE_TESTABILITY = YES;
				ENABLE_USER_SCRIPT_SANDBOXING = YES;
				GCC_C_LANGUAGE_STANDARD = gnu17;
				GCC_DYNAMIC_NO_PIC = NO;
				GCC_NO_COMMON_BLOCKS = YES;
				GCC_OPTIMIZATION_LEVEL = 0;
				GCC_PREPROCESSOR_DEFINITIONS = (
					"DEBUG=1",
					"$(inherited)",
				);
				GCC_WARN_64_TO_32_BIT_CONVERSION = YES;
				GCC_WARN_ABOUT_RETURN_TYPE = YES_ERROR;
				GCC_WARN_UNDECLARED_SELECTOR = YES;
				GCC_WARN_UNINITIALIZED_AUTOS = YES_AGGRESSIVE;
				GCC_WARN_UNUSED_FUNCTION = YES;
				GCC_WARN_UNUSED_VARIABLE = YES;
				IPHONEOS_DEPLOYMENT_TARGET = 17.0;
				LOCALIZATION_PREFERS_STRING_CATALOGS = YES;
				MTL_ENABLE_DEBUG_INFO = INCLUDE_SOURCE;
				MTL_FAST_MATH = YES;
				ONLY_ACTIVE_ARCH = YES;
				SDKROOT = iphoneos;
				SWIFT_ACTIVE_COMPILATION_CONDITIONS = "DEBUG $(inherited)";
				SWIFT_OPTIMIZATION_LEVEL = "-Onone";
			};
			name = Debug;
		};
		BBB2C0CB2B1AD88F003C8ACC /* Release */ = {
			isa = XCBuildConfiguration;
			buildSettings = {
				ALWAYS_SEARCH_USER_PATHS = NO;
				ASSETCATALOG_COMPILER_GENERATE_SWIFT_ASSET_SYMBOL_EXTENSIONS = YES;
				CLANG_ANALYZER_NONNULL = YES;
				CLANG_ANALYZER_NUMBER_OBJECT_CONVERSION = YES_AGGRESSIVE;
				CLANG_CXX_LANGUAGE_STANDARD = "gnu++20";
				CLANG_ENABLE_MODULES = YES;
				CLANG_ENABLE_OBJC_ARC = YES;
				CLANG_ENABLE_OBJC_WEAK = YES;
				CLANG_WARN_BLOCK_CAPTURE_AUTORELEASING = YES;
				CLANG_WARN_BOOL_CONVERSION = YES;
				CLANG_WARN_COMMA = YES;
				CLANG_WARN_CONSTANT_CONVERSION = YES;
				CLANG_WARN_DEPRECATED_OBJC_IMPLEMENTATIONS = YES;
				CLANG_WARN_DIRECT_OBJC_ISA_USAGE = YES_ERROR;
				CLANG_WARN_DOCUMENTATION_COMMENTS = YES;
				CLANG_WARN_EMPTY_BODY = YES;
				CLANG_WARN_ENUM_CONVERSION = YES;
				CLANG_WARN_INFINITE_RECURSION = YES;
				CLANG_WARN_INT_CONVERSION = YES;
				CLANG_WARN_NON_LITERAL_NULL_CONVERSION = YES;
				CLANG_WARN_OBJC_IMPLICIT_RETAIN_SELF = YES;
				CLANG_WARN_OBJC_LITERAL_CONVERSION = YES;
				CLANG_WARN_OBJC_ROOT_CLASS = YES_ERROR;
				CLANG_WARN_QUOTED_INCLUDE_IN_FRAMEWORK_HEADER = YES;
				CLANG_WARN_RANGE_LOOP_ANALYSIS = YES;
				CLANG_WARN_STRICT_PROTOTYPES = YES;
				CLANG_WARN_SUSPICIOUS_MOVE = YES;
				CLANG_WARN_UNGUARDED_AVAILABILITY = YES_AGGRESSIVE;
				CLANG_WARN_UNREACHABLE_CODE = YES;
				CLANG_WARN__DUPLICATE_METHOD_MATCH = YES;
				COPY_PHASE_STRIP = NO;
				DEBUG_INFORMATION_FORMAT = "dwarf-with-dsym";
				ENABLE_NS_ASSERTIONS = NO;
				ENABLE_STRICT_OBJC_MSGSEND = YES;
				ENABLE_USER_SCRIPT_SANDBOXING = YES;
				GCC_C_LANGUAGE_STANDARD = gnu17;
				GCC_NO_COMMON_BLOCKS = YES;
				GCC_WARN_64_TO_32_BIT_CONVERSION = YES;
				GCC_WARN_ABOUT_RETURN_TYPE = YES_ERROR;
				GCC_WARN_UNDECLARED_SELECTOR = YES;
				GCC_WARN_UNINITIALIZED_AUTOS = YES_AGGRESSIVE;
				GCC_WARN_UNUSED_FUNCTION = YES;
				GCC_WARN_UNUSED_VARIABLE = YES;
				IPHONEOS_DEPLOYMENT_TARGET = 17.0;
				LOCALIZATION_PREFERS_STRING_CATALOGS = YES;
				MTL_ENABLE_DEBUG_INFO = NO;
				MTL_FAST_MATH = YES;
				SDKROOT = iphoneos;
				SWIFT_COMPILATION_MODE = wholemodule;
				VALIDATE_PRODUCT = YES;
			};
			name = Release;
		};
		BBB2C0CD2B1AD88F003C8ACC /* Debug */ = {
			isa = XCBuildConfiguration;
			buildSettings = {
				ASSETCATALOG_COMPILER_APPICON_NAME = AppIcon;
				ASSETCATALOG_COMPILER_GLOBAL_ACCENT_COLOR_NAME = AccentColor;
				ASSETCATALOG_COMPILER_INCLUDE_ALL_APPICON_ASSETS = YES;
				CODE_SIGN_ENTITLEMENTS = OpenArtemis/OpenArtemis.entitlements;
				CODE_SIGN_IDENTITY = "Apple Development";
				CODE_SIGN_STYLE = Automatic;
				CURRENT_PROJECT_VERSION = 1;
				DEVELOPMENT_ASSET_PATHS = "\"OpenArtemis/Preview Content\"";
				DEVELOPMENT_TEAM = AWE72ZEPGS;
				ENABLE_PREVIEWS = YES;
				GENERATE_INFOPLIST_FILE = YES;
				INFOPLIST_FILE = OpenArtemis/Info.plist;
				INFOPLIST_KEY_CFBundleDisplayName = OpenArtemis;
				INFOPLIST_KEY_LSApplicationCategoryType = "public.app-category.utilities";
				INFOPLIST_KEY_NSPhotoLibraryAddUsageDescription = "Save photos to your device";
				INFOPLIST_KEY_UIApplicationSceneManifest_Generation = YES;
				INFOPLIST_KEY_UIApplicationSupportsIndirectInputEvents = YES;
				INFOPLIST_KEY_UILaunchScreen_Generation = YES;
				INFOPLIST_KEY_UISupportedInterfaceOrientations_iPad = "UIInterfaceOrientationPortrait UIInterfaceOrientationPortraitUpsideDown UIInterfaceOrientationLandscapeLeft UIInterfaceOrientationLandscapeRight";
				INFOPLIST_KEY_UISupportedInterfaceOrientations_iPhone = "UIInterfaceOrientationPortrait UIInterfaceOrientationLandscapeLeft UIInterfaceOrientationLandscapeRight";
				IPHONEOS_DEPLOYMENT_TARGET = 17.0;
				LD_RUNPATH_SEARCH_PATHS = (
					"$(inherited)",
					"@executable_path/Frameworks",
				);
				MARKETING_VERSION = 1.0.4;
				PRODUCT_BUNDLE_IDENTIFIER = com.ethanbills.OpenArtemis;
				PRODUCT_NAME = "$(TARGET_NAME)";
				PROVISIONING_PROFILE_SPECIFIER = "";
				SUPPORTED_PLATFORMS = "iphoneos iphonesimulator";
				SUPPORTS_MACCATALYST = NO;
				SUPPORTS_MAC_DESIGNED_FOR_IPHONE_IPAD = YES;
				SWIFT_EMIT_LOC_STRINGS = YES;
				SWIFT_VERSION = 5.0;
				TARGETED_DEVICE_FAMILY = "1,2";
			};
			name = Debug;
		};
		BBB2C0CE2B1AD88F003C8ACC /* Release */ = {
			isa = XCBuildConfiguration;
			buildSettings = {
				ASSETCATALOG_COMPILER_APPICON_NAME = AppIcon;
				ASSETCATALOG_COMPILER_GLOBAL_ACCENT_COLOR_NAME = AccentColor;
				ASSETCATALOG_COMPILER_INCLUDE_ALL_APPICON_ASSETS = YES;
				CODE_SIGN_ENTITLEMENTS = OpenArtemis/OpenArtemis.entitlements;
				CODE_SIGN_IDENTITY = "Apple Development";
				CODE_SIGN_STYLE = Automatic;
				CURRENT_PROJECT_VERSION = 1;
				DEVELOPMENT_ASSET_PATHS = "\"OpenArtemis/Preview Content\"";
				DEVELOPMENT_TEAM = AWE72ZEPGS;
				ENABLE_PREVIEWS = YES;
				GENERATE_INFOPLIST_FILE = YES;
				INFOPLIST_FILE = OpenArtemis/Info.plist;
				INFOPLIST_KEY_CFBundleDisplayName = OpenArtemis;
				INFOPLIST_KEY_LSApplicationCategoryType = "public.app-category.utilities";
				INFOPLIST_KEY_NSPhotoLibraryAddUsageDescription = "Save photos to your device";
				INFOPLIST_KEY_UIApplicationSceneManifest_Generation = YES;
				INFOPLIST_KEY_UIApplicationSupportsIndirectInputEvents = YES;
				INFOPLIST_KEY_UILaunchScreen_Generation = YES;
				INFOPLIST_KEY_UISupportedInterfaceOrientations_iPad = "UIInterfaceOrientationPortrait UIInterfaceOrientationPortraitUpsideDown UIInterfaceOrientationLandscapeLeft UIInterfaceOrientationLandscapeRight";
				INFOPLIST_KEY_UISupportedInterfaceOrientations_iPhone = "UIInterfaceOrientationPortrait UIInterfaceOrientationLandscapeLeft UIInterfaceOrientationLandscapeRight";
				IPHONEOS_DEPLOYMENT_TARGET = 17.0;
				LD_RUNPATH_SEARCH_PATHS = (
					"$(inherited)",
					"@executable_path/Frameworks",
				);
				MARKETING_VERSION = 1.0.4;
				PRODUCT_BUNDLE_IDENTIFIER = com.ethanbills.OpenArtemis;
				PRODUCT_NAME = "$(TARGET_NAME)";
				PROVISIONING_PROFILE_SPECIFIER = "";
				SUPPORTED_PLATFORMS = "iphoneos iphonesimulator";
				SUPPORTS_MACCATALYST = NO;
				SUPPORTS_MAC_DESIGNED_FOR_IPHONE_IPAD = YES;
				SWIFT_EMIT_LOC_STRINGS = YES;
				SWIFT_VERSION = 5.0;
				TARGETED_DEVICE_FAMILY = "1,2";
			};
			name = Release;
		};
/* End XCBuildConfiguration section */

/* Begin XCConfigurationList section */
		65D3DBDA2B1B555200BCCD38 /* Build configuration list for PBXNativeTarget "OpenArtemisTests" */ = {
			isa = XCConfigurationList;
			buildConfigurations = (
				65D3DBDB2B1B555200BCCD38 /* Debug */,
				65D3DBDC2B1B555200BCCD38 /* Release */,
			);
			defaultConfigurationIsVisible = 0;
			defaultConfigurationName = Release;
		};
		BBB2C0B92B1AD88D003C8ACC /* Build configuration list for PBXProject "OpenArtemis" */ = {
			isa = XCConfigurationList;
			buildConfigurations = (
				BBB2C0CA2B1AD88F003C8ACC /* Debug */,
				BBB2C0CB2B1AD88F003C8ACC /* Release */,
			);
			defaultConfigurationIsVisible = 0;
			defaultConfigurationName = Release;
		};
		BBB2C0CC2B1AD88F003C8ACC /* Build configuration list for PBXNativeTarget "OpenArtemis" */ = {
			isa = XCConfigurationList;
			buildConfigurations = (
				BBB2C0CD2B1AD88F003C8ACC /* Debug */,
				BBB2C0CE2B1AD88F003C8ACC /* Release */,
			);
			defaultConfigurationIsVisible = 0;
			defaultConfigurationName = Release;
		};
/* End XCConfigurationList section */

/* Begin XCRemoteSwiftPackageReference section */
		65AD50AF2B1E2725008B39E9 /* XCRemoteSwiftPackageReference "LazyPager" */ = {
			isa = XCRemoteSwiftPackageReference;
			repositoryURL = "https://github.com/gh123man/LazyPager";
			requirement = {
				kind = upToNextMinorVersion;
				minimumVersion = 1.0.5;
			};
		};
		65D3DBAD2B1B1AFA00BCCD38 /* XCRemoteSwiftPackageReference "Defaults" */ = {
			isa = XCRemoteSwiftPackageReference;
			repositoryURL = "https://github.com/sindresorhus/Defaults.git";
			requirement = {
				branch = main;
				kind = branch;
			};
		};
		BB322CB52B26BF5000FC5849 /* XCRemoteSwiftPackageReference "SwiftHTMLToMarkdown" */ = {
			isa = XCRemoteSwiftPackageReference;
			repositoryURL = "https://github.com/ActuallyTaylor/SwiftHTMLToMarkdown";
			requirement = {
				kind = upToNextMinorVersion;
				minimumVersion = 1.1.1;
			};
		};
		BB322CB82B26C0A300FC5849 /* XCRemoteSwiftPackageReference "swift-markdown-ui" */ = {
			isa = XCRemoteSwiftPackageReference;
			repositoryURL = "https://github.com/gonzalezreal/swift-markdown-ui";
			requirement = {
				kind = upToNextMinorVersion;
				minimumVersion = 2.3.0;
			};
		};
		BB4845182B9E32980015376B /* XCRemoteSwiftPackageReference "AlertToast" */ = {
			isa = XCRemoteSwiftPackageReference;
			repositoryURL = "https://github.com/elai950/AlertToast";
			requirement = {
				kind = upToNextMinorVersion;
				minimumVersion = 1.3.9;
			};
		};
		BBB2C0DD2B1AD939003C8ACC /* XCRemoteSwiftPackageReference "CachedImage" */ = {
			isa = XCRemoteSwiftPackageReference;
			repositoryURL = "https://github.com/leoz/CachedImage";
			requirement = {
				kind = upToNextMinorVersion;
				minimumVersion = 0.0.5;
			};
		};
		BBB2C0E22B1AD99C003C8ACC /* XCRemoteSwiftPackageReference "SKPhotoBrowser" */ = {
			isa = XCRemoteSwiftPackageReference;
			repositoryURL = "https://github.com/suzuki-0000/SKPhotoBrowser";
			requirement = {
				kind = upToNextMinorVersion;
				minimumVersion = 7.1.0;
			};
		};
		BBB2C0E52B1AD9A7003C8ACC /* XCRemoteSwiftPackageReference "SwiftSoup" */ = {
			isa = XCRemoteSwiftPackageReference;
			repositoryURL = "https://github.com/scinfu/SwiftSoup";
			requirement = {
				kind = upToNextMinorVersion;
				minimumVersion = 2.6.1;
			};
		};
		BBB6932E2B420C550094DFEE /* XCRemoteSwiftPackageReference "OpenGraph" */ = {
			isa = XCRemoteSwiftPackageReference;
			repositoryURL = "https://github.com/satoshi-takano/OpenGraph";
			requirement = {
				kind = upToNextMinorVersion;
				minimumVersion = 1.5.0;
			};
		};
/* End XCRemoteSwiftPackageReference section */

/* Begin XCSwiftPackageProductDependency section */
		65AD50B02B1E2725008B39E9 /* LazyPager */ = {
			isa = XCSwiftPackageProductDependency;
			package = 65AD50AF2B1E2725008B39E9 /* XCRemoteSwiftPackageReference "LazyPager" */;
			productName = LazyPager;
		};
		65D3DBAE2B1B1AFA00BCCD38 /* Defaults */ = {
			isa = XCSwiftPackageProductDependency;
			package = 65D3DBAD2B1B1AFA00BCCD38 /* XCRemoteSwiftPackageReference "Defaults" */;
			productName = Defaults;
		};
		BB4845192B9E32980015376B /* AlertToast */ = {
			isa = XCSwiftPackageProductDependency;
			package = BB4845182B9E32980015376B /* XCRemoteSwiftPackageReference "AlertToast" */;
			productName = AlertToast;
		};
		BBB2C0DE2B1AD939003C8ACC /* CachedImage */ = {
			isa = XCSwiftPackageProductDependency;
			package = BBB2C0DD2B1AD939003C8ACC /* XCRemoteSwiftPackageReference "CachedImage" */;
			productName = CachedImage;
		};
		BBB2C0E62B1AD9A7003C8ACC /* SwiftSoup */ = {
			isa = XCSwiftPackageProductDependency;
			package = BBB2C0E52B1AD9A7003C8ACC /* XCRemoteSwiftPackageReference "SwiftSoup" */;
			productName = SwiftSoup;
		};
		BBB6932F2B420C550094DFEE /* OpenGraph */ = {
			isa = XCSwiftPackageProductDependency;
			package = BBB6932E2B420C550094DFEE /* XCRemoteSwiftPackageReference "OpenGraph" */;
			productName = OpenGraph;
		};
		BBCACEF12C3ECC6500D06796 /* MarkdownUI */ = {
			isa = XCSwiftPackageProductDependency;
			package = BB322CB82B26C0A300FC5849 /* XCRemoteSwiftPackageReference "swift-markdown-ui" */;
			productName = MarkdownUI;
		};
/* End XCSwiftPackageProductDependency section */

/* Begin XCVersionGroup section */
		BBE434732B1BE32300886CAB /* LocalData.xcdatamodeld */ = {
			isa = XCVersionGroup;
			children = (
				BBE434742B1BE32300886CAB /* LocalData.xcdatamodel */,
			);
			currentVersion = BBE434742B1BE32300886CAB /* LocalData.xcdatamodel */;
			path = LocalData.xcdatamodeld;
			sourceTree = "<group>";
			versionGroupType = wrapper.xcdatamodel;
		};
/* End XCVersionGroup section */
	};
	rootObject = BBB2C0B62B1AD88D003C8ACC /* Project object */;
}
